// !$*UTF8*$!
{
	archiveVersion = 1;
	classes = {
	};
	objectVersion = 56;
	objects = {

/* Begin PBXBuildFile section */
		B71BAB8D2B289F5A00CC7A4A /* EssentialFeed.framework in Frameworks */ = {isa = PBXBuildFile; fileRef = B71BAB842B289F5A00CC7A4A /* EssentialFeed.framework */; };
		B71BAB9D2B28A01900CC7A4A /* FeedImage.swift in Sources */ = {isa = PBXBuildFile; fileRef = B71BAB9C2B28A01900CC7A4A /* FeedImage.swift */; };
		B71BAB9F2B28A02300CC7A4A /* FeedLoader.swift in Sources */ = {isa = PBXBuildFile; fileRef = B71BAB9E2B28A02300CC7A4A /* FeedLoader.swift */; };
		B71BABA22B28A50E00CC7A4A /* LoadFeedFromRemoteUseCaseTests.swift in Sources */ = {isa = PBXBuildFile; fileRef = B71BABA12B28A50E00CC7A4A /* LoadFeedFromRemoteUseCaseTests.swift */; };
		B71BABA52B28BE0500CC7A4A /* RemoteFeedLoader.swift in Sources */ = {isa = PBXBuildFile; fileRef = B71BABA42B28BE0500CC7A4A /* RemoteFeedLoader.swift */; };
		B72E26F92B71456E00D17A6C /* FeedCachePolicy.swift in Sources */ = {isa = PBXBuildFile; fileRef = B72E26F82B71456E00D17A6C /* FeedCachePolicy.swift */; };
		B72E26FB2B75059500D17A6C /* CodableFeedStoreTests.swift in Sources */ = {isa = PBXBuildFile; fileRef = B72E26FA2B75059500D17A6C /* CodableFeedStoreTests.swift */; };
		B7569EEC2B4027D900B480D7 /* ValidateFeedCacheUseCaseTests.swift in Sources */ = {isa = PBXBuildFile; fileRef = B7569EEB2B4027D900B480D7 /* ValidateFeedCacheUseCaseTests.swift */; };
		B7569EEE2B41769500B480D7 /* FeedCacheTestHelpers.swift in Sources */ = {isa = PBXBuildFile; fileRef = B7569EED2B41769500B480D7 /* FeedCacheTestHelpers.swift */; };
		B7569EF02B41776200B480D7 /* SharedTestHelpers.swift in Sources */ = {isa = PBXBuildFile; fileRef = B7569EEF2B41776200B480D7 /* SharedTestHelpers.swift */; };
		B77E1D6A2B3832F70030E8AF /* CacheFeedUseCase.swift in Sources */ = {isa = PBXBuildFile; fileRef = B77E1D692B3832F70030E8AF /* CacheFeedUseCase.swift */; };
		B77E1D6D2B3883200030E8AF /* LocalFeedLoader.swift in Sources */ = {isa = PBXBuildFile; fileRef = B77E1D6C2B3883200030E8AF /* LocalFeedLoader.swift */; };
		B77E1D6F2B38838F0030E8AF /* FeedStore.swift in Sources */ = {isa = PBXBuildFile; fileRef = B77E1D6E2B38838F0030E8AF /* FeedStore.swift */; };
		B77E1D712B3995380030E8AF /* RemoteFeedItem.swift in Sources */ = {isa = PBXBuildFile; fileRef = B77E1D702B3995380030E8AF /* RemoteFeedItem.swift */; };
		B77E1D732B39957D0030E8AF /* LocalFeedImage.swift in Sources */ = {isa = PBXBuildFile; fileRef = B77E1D722B39957D0030E8AF /* LocalFeedImage.swift */; };
		B77E1D7E2B3F17E80030E8AF /* LoadFeedFromCacheUseCaseTests.swift in Sources */ = {isa = PBXBuildFile; fileRef = B77E1D7D2B3F17E80030E8AF /* LoadFeedFromCacheUseCaseTests.swift */; };
		B77E1D812B3F19D40030E8AF /* FeedStoreSpy.swift in Sources */ = {isa = PBXBuildFile; fileRef = B77E1D802B3F19D40030E8AF /* FeedStoreSpy.swift */; };
		B78C07962B2B5E1A0097ABEE /* HTTPClient.swift in Sources */ = {isa = PBXBuildFile; fileRef = B78C07952B2B5E1A0097ABEE /* HTTPClient.swift */; };
		B78C079A2B2B5E890097ABEE /* FeedItemsMapper.swift in Sources */ = {isa = PBXBuildFile; fileRef = B78C07992B2B5E890097ABEE /* FeedItemsMapper.swift */; };
		B78C07A02B2CAF3F0097ABEE /* URLSessionHTTPClientTests.swift in Sources */ = {isa = PBXBuildFile; fileRef = B78C079F2B2CAF3F0097ABEE /* URLSessionHTTPClientTests.swift */; };
		B78C07A82B2DBF770097ABEE /* XCTestCase+MemoryLeakTracking.swift in Sources */ = {isa = PBXBuildFile; fileRef = B78C07A72B2DBF770097ABEE /* XCTestCase+MemoryLeakTracking.swift */; };
		B78C07AA2B2EE4F80097ABEE /* URLSessionHTTPClient.swift in Sources */ = {isa = PBXBuildFile; fileRef = B78C07A92B2EE4F80097ABEE /* URLSessionHTTPClient.swift */; };
		B78C07B32B2EEA8E0097ABEE /* EssentialFeedAPIEndToEndTests.swift in Sources */ = {isa = PBXBuildFile; fileRef = B78C07B22B2EEA8E0097ABEE /* EssentialFeedAPIEndToEndTests.swift */; };
		B78C07B42B2EEA8E0097ABEE /* EssentialFeed.framework in Frameworks */ = {isa = PBXBuildFile; fileRef = B71BAB842B289F5A00CC7A4A /* EssentialFeed.framework */; };
		B78C07BA2B2EF3050097ABEE /* XCTestCase+MemoryLeakTracking.swift in Sources */ = {isa = PBXBuildFile; fileRef = B78C07A72B2DBF770097ABEE /* XCTestCase+MemoryLeakTracking.swift */; };
/* End PBXBuildFile section */

/* Begin PBXContainerItemProxy section */
		B71BAB8E2B289F5A00CC7A4A /* PBXContainerItemProxy */ = {
			isa = PBXContainerItemProxy;
			containerPortal = B71BAB7B2B289F5A00CC7A4A /* Project object */;
			proxyType = 1;
			remoteGlobalIDString = B71BAB832B289F5A00CC7A4A;
			remoteInfo = EssentialFeed;
		};
		B78C07B52B2EEA8E0097ABEE /* PBXContainerItemProxy */ = {
			isa = PBXContainerItemProxy;
			containerPortal = B71BAB7B2B289F5A00CC7A4A /* Project object */;
			proxyType = 1;
			remoteGlobalIDString = B71BAB832B289F5A00CC7A4A;
			remoteInfo = EssentialFeed;
		};
/* End PBXContainerItemProxy section */

/* Begin PBXFileReference section */
		B71BAB842B289F5A00CC7A4A /* EssentialFeed.framework */ = {isa = PBXFileReference; explicitFileType = wrapper.framework; includeInIndex = 0; path = EssentialFeed.framework; sourceTree = BUILT_PRODUCTS_DIR; };
		B71BAB8C2B289F5A00CC7A4A /* EssentialFeedTests.xctest */ = {isa = PBXFileReference; explicitFileType = wrapper.cfbundle; includeInIndex = 0; path = EssentialFeedTests.xctest; sourceTree = BUILT_PRODUCTS_DIR; };
		B71BAB9C2B28A01900CC7A4A /* FeedImage.swift */ = {isa = PBXFileReference; lastKnownFileType = sourcecode.swift; path = FeedImage.swift; sourceTree = "<group>"; };
		B71BAB9E2B28A02300CC7A4A /* FeedLoader.swift */ = {isa = PBXFileReference; lastKnownFileType = sourcecode.swift; path = FeedLoader.swift; sourceTree = "<group>"; };
		B71BABA12B28A50E00CC7A4A /* LoadFeedFromRemoteUseCaseTests.swift */ = {isa = PBXFileReference; lastKnownFileType = sourcecode.swift; path = LoadFeedFromRemoteUseCaseTests.swift; sourceTree = "<group>"; };
		B71BABA42B28BE0500CC7A4A /* RemoteFeedLoader.swift */ = {isa = PBXFileReference; lastKnownFileType = sourcecode.swift; path = RemoteFeedLoader.swift; sourceTree = "<group>"; };
		B72E26F82B71456E00D17A6C /* FeedCachePolicy.swift */ = {isa = PBXFileReference; lastKnownFileType = sourcecode.swift; path = FeedCachePolicy.swift; sourceTree = "<group>"; };
		B72E26FA2B75059500D17A6C /* CodableFeedStoreTests.swift */ = {isa = PBXFileReference; lastKnownFileType = sourcecode.swift; path = CodableFeedStoreTests.swift; sourceTree = "<group>"; };
		B7569EEB2B4027D900B480D7 /* ValidateFeedCacheUseCaseTests.swift */ = {isa = PBXFileReference; lastKnownFileType = sourcecode.swift; path = ValidateFeedCacheUseCaseTests.swift; sourceTree = "<group>"; };
		B7569EED2B41769500B480D7 /* FeedCacheTestHelpers.swift */ = {isa = PBXFileReference; lastKnownFileType = sourcecode.swift; path = FeedCacheTestHelpers.swift; sourceTree = "<group>"; };
		B7569EEF2B41776200B480D7 /* SharedTestHelpers.swift */ = {isa = PBXFileReference; lastKnownFileType = sourcecode.swift; path = SharedTestHelpers.swift; sourceTree = "<group>"; };
		B77E1D692B3832F70030E8AF /* CacheFeedUseCase.swift */ = {isa = PBXFileReference; lastKnownFileType = sourcecode.swift; path = CacheFeedUseCase.swift; sourceTree = "<group>"; };
		B77E1D6C2B3883200030E8AF /* LocalFeedLoader.swift */ = {isa = PBXFileReference; lastKnownFileType = sourcecode.swift; path = LocalFeedLoader.swift; sourceTree = "<group>"; };
		B77E1D6E2B38838F0030E8AF /* FeedStore.swift */ = {isa = PBXFileReference; lastKnownFileType = sourcecode.swift; path = FeedStore.swift; sourceTree = "<group>"; };
		B77E1D702B3995380030E8AF /* RemoteFeedItem.swift */ = {isa = PBXFileReference; lastKnownFileType = sourcecode.swift; path = RemoteFeedItem.swift; sourceTree = "<group>"; };
		B77E1D722B39957D0030E8AF /* LocalFeedImage.swift */ = {isa = PBXFileReference; lastKnownFileType = sourcecode.swift; path = LocalFeedImage.swift; sourceTree = "<group>"; };
		B77E1D7D2B3F17E80030E8AF /* LoadFeedFromCacheUseCaseTests.swift */ = {isa = PBXFileReference; lastKnownFileType = sourcecode.swift; path = LoadFeedFromCacheUseCaseTests.swift; sourceTree = "<group>"; };
		B77E1D802B3F19D40030E8AF /* FeedStoreSpy.swift */ = {isa = PBXFileReference; lastKnownFileType = sourcecode.swift; path = FeedStoreSpy.swift; sourceTree = "<group>"; };
		B78C07952B2B5E1A0097ABEE /* HTTPClient.swift */ = {isa = PBXFileReference; lastKnownFileType = sourcecode.swift; path = HTTPClient.swift; sourceTree = "<group>"; };
		B78C07992B2B5E890097ABEE /* FeedItemsMapper.swift */ = {isa = PBXFileReference; lastKnownFileType = sourcecode.swift; path = FeedItemsMapper.swift; sourceTree = "<group>"; };
		B78C079F2B2CAF3F0097ABEE /* URLSessionHTTPClientTests.swift */ = {isa = PBXFileReference; lastKnownFileType = sourcecode.swift; path = URLSessionHTTPClientTests.swift; sourceTree = "<group>"; };
		B78C07A72B2DBF770097ABEE /* XCTestCase+MemoryLeakTracking.swift */ = {isa = PBXFileReference; lastKnownFileType = sourcecode.swift; path = "XCTestCase+MemoryLeakTracking.swift"; sourceTree = "<group>"; };
		B78C07A92B2EE4F80097ABEE /* URLSessionHTTPClient.swift */ = {isa = PBXFileReference; lastKnownFileType = sourcecode.swift; path = URLSessionHTTPClient.swift; sourceTree = "<group>"; };
		B78C07AB2B2EE8040097ABEE /* EssentialFeed.xctestplan */ = {isa = PBXFileReference; lastKnownFileType = text; path = EssentialFeed.xctestplan; sourceTree = "<group>"; };
		B78C07B02B2EEA8E0097ABEE /* EssentialFeedAPIEndToEndTests.xctest */ = {isa = PBXFileReference; explicitFileType = wrapper.cfbundle; includeInIndex = 0; path = EssentialFeedAPIEndToEndTests.xctest; sourceTree = BUILT_PRODUCTS_DIR; };
		B78C07B22B2EEA8E0097ABEE /* EssentialFeedAPIEndToEndTests.swift */ = {isa = PBXFileReference; lastKnownFileType = sourcecode.swift; path = EssentialFeedAPIEndToEndTests.swift; sourceTree = "<group>"; };
		B78C07BB2B2EF5470097ABEE /* CI.xctestplan */ = {isa = PBXFileReference; lastKnownFileType = text; path = CI.xctestplan; sourceTree = "<group>"; };
/* End PBXFileReference section */

/* Begin PBXFrameworksBuildPhase section */
		B71BAB812B289F5A00CC7A4A /* Frameworks */ = {
			isa = PBXFrameworksBuildPhase;
			buildActionMask = 2147483647;
			files = (
			);
			runOnlyForDeploymentPostprocessing = 0;
		};
		B71BAB892B289F5A00CC7A4A /* Frameworks */ = {
			isa = PBXFrameworksBuildPhase;
			buildActionMask = 2147483647;
			files = (
				B71BAB8D2B289F5A00CC7A4A /* EssentialFeed.framework in Frameworks */,
			);
			runOnlyForDeploymentPostprocessing = 0;
		};
		B78C07AD2B2EEA8E0097ABEE /* Frameworks */ = {
			isa = PBXFrameworksBuildPhase;
			buildActionMask = 2147483647;
			files = (
				B78C07B42B2EEA8E0097ABEE /* EssentialFeed.framework in Frameworks */,
			);
			runOnlyForDeploymentPostprocessing = 0;
		};
/* End PBXFrameworksBuildPhase section */

/* Begin PBXGroup section */
		B71BAB7A2B289F5A00CC7A4A = {
			isa = PBXGroup;
			children = (
				B71BAB862B289F5A00CC7A4A /* EssentialFeed */,
				B71BAB902B289F5A00CC7A4A /* EssentialFeedTests */,
				B78C07B12B2EEA8E0097ABEE /* EssentialFeedAPIEndToEndTests */,
				B71BAB852B289F5A00CC7A4A /* Products */,
			);
			sourceTree = "<group>";
		};
		B71BAB852B289F5A00CC7A4A /* Products */ = {
			isa = PBXGroup;
			children = (
				B71BAB842B289F5A00CC7A4A /* EssentialFeed.framework */,
				B71BAB8C2B289F5A00CC7A4A /* EssentialFeedTests.xctest */,
				B78C07B02B2EEA8E0097ABEE /* EssentialFeedAPIEndToEndTests.xctest */,
			);
			name = Products;
			sourceTree = "<group>";
		};
		B71BAB862B289F5A00CC7A4A /* EssentialFeed */ = {
			isa = PBXGroup;
			children = (
				B77E1D6B2B3882F90030E8AF /* Feed Cache */,
				B71BABA02B28A02700CC7A4A /* Feed Feature */,
				B71BABA32B28BDC200CC7A4A /* Feed API */,
			);
			path = EssentialFeed;
			sourceTree = "<group>";
		};
		B71BAB902B289F5A00CC7A4A /* EssentialFeedTests */ = {
			isa = PBXGroup;
			children = (
				B78C07AB2B2EE8040097ABEE /* EssentialFeed.xctestplan */,
				B78C07A62B2DBF4F0097ABEE /* Helpers */,
				B77E1D682B3832C60030E8AF /* Feed Cache */,
				B78C079B2B2B662B0097ABEE /* Feed API */,
			);
			path = EssentialFeedTests;
			sourceTree = "<group>";
		};
		B71BABA02B28A02700CC7A4A /* Feed Feature */ = {
			isa = PBXGroup;
			children = (
				B71BAB9C2B28A01900CC7A4A /* FeedImage.swift */,
				B71BAB9E2B28A02300CC7A4A /* FeedLoader.swift */,
			);
			path = "Feed Feature";
			sourceTree = "<group>";
		};
		B71BABA32B28BDC200CC7A4A /* Feed API */ = {
			isa = PBXGroup;
			children = (
				B71BABA42B28BE0500CC7A4A /* RemoteFeedLoader.swift */,
				B78C07952B2B5E1A0097ABEE /* HTTPClient.swift */,
				B78C07992B2B5E890097ABEE /* FeedItemsMapper.swift */,
				B78C07A92B2EE4F80097ABEE /* URLSessionHTTPClient.swift */,
				B77E1D702B3995380030E8AF /* RemoteFeedItem.swift */,
			);
			path = "Feed API";
			sourceTree = "<group>";
		};
		B77E1D682B3832C60030E8AF /* Feed Cache */ = {
			isa = PBXGroup;
			children = (
				B77E1D7F2B3F19B40030E8AF /* Helpers */,
				B77E1D692B3832F70030E8AF /* CacheFeedUseCase.swift */,
				B77E1D7D2B3F17E80030E8AF /* LoadFeedFromCacheUseCaseTests.swift */,
				B7569EEB2B4027D900B480D7 /* ValidateFeedCacheUseCaseTests.swift */,
				B72E26FA2B75059500D17A6C /* CodableFeedStoreTests.swift */,
			);
			path = "Feed Cache";
			sourceTree = "<group>";
		};
		B77E1D6B2B3882F90030E8AF /* Feed Cache */ = {
			isa = PBXGroup;
			children = (
				B77E1D6C2B3883200030E8AF /* LocalFeedLoader.swift */,
				B77E1D6E2B38838F0030E8AF /* FeedStore.swift */,
				B77E1D722B39957D0030E8AF /* LocalFeedImage.swift */,
				B72E26F82B71456E00D17A6C /* FeedCachePolicy.swift */,
			);
			path = "Feed Cache";
			sourceTree = "<group>";
		};
		B77E1D7F2B3F19B40030E8AF /* Helpers */ = {
			isa = PBXGroup;
			children = (
				B77E1D802B3F19D40030E8AF /* FeedStoreSpy.swift */,
				B7569EED2B41769500B480D7 /* FeedCacheTestHelpers.swift */,
			);
			path = Helpers;
			sourceTree = "<group>";
		};
		B78C079B2B2B662B0097ABEE /* Feed API */ = {
			isa = PBXGroup;
			children = (
				B71BABA12B28A50E00CC7A4A /* LoadFeedFromRemoteUseCaseTests.swift */,
				B78C079F2B2CAF3F0097ABEE /* URLSessionHTTPClientTests.swift */,
			);
			path = "Feed API";
			sourceTree = "<group>";
		};
		B78C07A62B2DBF4F0097ABEE /* Helpers */ = {
			isa = PBXGroup;
			children = (
				B78C07A72B2DBF770097ABEE /* XCTestCase+MemoryLeakTracking.swift */,
				B7569EEF2B41776200B480D7 /* SharedTestHelpers.swift */,
			);
			path = Helpers;
			sourceTree = "<group>";
		};
		B78C07B12B2EEA8E0097ABEE /* EssentialFeedAPIEndToEndTests */ = {
			isa = PBXGroup;
			children = (
				B78C07BB2B2EF5470097ABEE /* CI.xctestplan */,
				B78C07B22B2EEA8E0097ABEE /* EssentialFeedAPIEndToEndTests.swift */,
			);
			path = EssentialFeedAPIEndToEndTests;
			sourceTree = "<group>";
		};
/* End PBXGroup section */

/* Begin PBXHeadersBuildPhase section */
		B71BAB7F2B289F5A00CC7A4A /* Headers */ = {
			isa = PBXHeadersBuildPhase;
			buildActionMask = 2147483647;
			files = (
			);
			runOnlyForDeploymentPostprocessing = 0;
		};
/* End PBXHeadersBuildPhase section */

/* Begin PBXNativeTarget section */
		B71BAB832B289F5A00CC7A4A /* EssentialFeed */ = {
			isa = PBXNativeTarget;
			buildConfigurationList = B71BAB962B289F5A00CC7A4A /* Build configuration list for PBXNativeTarget "EssentialFeed" */;
			buildPhases = (
				B71BAB7F2B289F5A00CC7A4A /* Headers */,
				B71BAB802B289F5A00CC7A4A /* Sources */,
				B71BAB812B289F5A00CC7A4A /* Frameworks */,
				B71BAB822B289F5A00CC7A4A /* Resources */,
			);
			buildRules = (
			);
			dependencies = (
			);
			name = EssentialFeed;
			productName = EssentialFeed;
			productReference = B71BAB842B289F5A00CC7A4A /* EssentialFeed.framework */;
			productType = "com.apple.product-type.framework";
		};
		B71BAB8B2B289F5A00CC7A4A /* EssentialFeedTests */ = {
			isa = PBXNativeTarget;
			buildConfigurationList = B71BAB992B289F5A00CC7A4A /* Build configuration list for PBXNativeTarget "EssentialFeedTests" */;
			buildPhases = (
				B71BAB882B289F5A00CC7A4A /* Sources */,
				B71BAB892B289F5A00CC7A4A /* Frameworks */,
				B71BAB8A2B289F5A00CC7A4A /* Resources */,
			);
			buildRules = (
			);
			dependencies = (
				B71BAB8F2B289F5A00CC7A4A /* PBXTargetDependency */,
			);
			name = EssentialFeedTests;
			productName = EssentialFeedTests;
			productReference = B71BAB8C2B289F5A00CC7A4A /* EssentialFeedTests.xctest */;
			productType = "com.apple.product-type.bundle.unit-test";
		};
		B78C07AF2B2EEA8E0097ABEE /* EssentialFeedAPIEndToEndTests */ = {
			isa = PBXNativeTarget;
			buildConfigurationList = B78C07B72B2EEA8E0097ABEE /* Build configuration list for PBXNativeTarget "EssentialFeedAPIEndToEndTests" */;
			buildPhases = (
				B78C07AC2B2EEA8E0097ABEE /* Sources */,
				B78C07AD2B2EEA8E0097ABEE /* Frameworks */,
				B78C07AE2B2EEA8E0097ABEE /* Resources */,
			);
			buildRules = (
			);
			dependencies = (
				B78C07B62B2EEA8E0097ABEE /* PBXTargetDependency */,
			);
			name = EssentialFeedAPIEndToEndTests;
			productName = EssentialFeedAPIEndToEndTests;
			productReference = B78C07B02B2EEA8E0097ABEE /* EssentialFeedAPIEndToEndTests.xctest */;
			productType = "com.apple.product-type.bundle.unit-test";
		};
/* End PBXNativeTarget section */

/* Begin PBXProject section */
		B71BAB7B2B289F5A00CC7A4A /* Project object */ = {
			isa = PBXProject;
			attributes = {
				BuildIndependentTargetsInParallel = 1;
				LastSwiftUpdateCheck = 1510;
				LastUpgradeCheck = 1510;
				TargetAttributes = {
					B71BAB832B289F5A00CC7A4A = {
						CreatedOnToolsVersion = 15.0.1;
						LastSwiftMigration = 1500;
					};
					B71BAB8B2B289F5A00CC7A4A = {
						CreatedOnToolsVersion = 15.0.1;
					};
					B78C07AF2B2EEA8E0097ABEE = {
						CreatedOnToolsVersion = 15.1;
					};
				};
			};
			buildConfigurationList = B71BAB7E2B289F5A00CC7A4A /* Build configuration list for PBXProject "EssentialFeed" */;
			compatibilityVersion = "Xcode 14.0";
			developmentRegion = en;
			hasScannedForEncodings = 0;
			knownRegions = (
				en,
				Base,
			);
			mainGroup = B71BAB7A2B289F5A00CC7A4A;
			productRefGroup = B71BAB852B289F5A00CC7A4A /* Products */;
			projectDirPath = "";
			projectRoot = "";
			targets = (
				B71BAB832B289F5A00CC7A4A /* EssentialFeed */,
				B71BAB8B2B289F5A00CC7A4A /* EssentialFeedTests */,
				B78C07AF2B2EEA8E0097ABEE /* EssentialFeedAPIEndToEndTests */,
			);
		};
/* End PBXProject section */

/* Begin PBXResourcesBuildPhase section */
		B71BAB822B289F5A00CC7A4A /* Resources */ = {
			isa = PBXResourcesBuildPhase;
			buildActionMask = 2147483647;
			files = (
			);
			runOnlyForDeploymentPostprocessing = 0;
		};
		B71BAB8A2B289F5A00CC7A4A /* Resources */ = {
			isa = PBXResourcesBuildPhase;
			buildActionMask = 2147483647;
			files = (
			);
			runOnlyForDeploymentPostprocessing = 0;
		};
		B78C07AE2B2EEA8E0097ABEE /* Resources */ = {
			isa = PBXResourcesBuildPhase;
			buildActionMask = 2147483647;
			files = (
			);
			runOnlyForDeploymentPostprocessing = 0;
		};
/* End PBXResourcesBuildPhase section */

/* Begin PBXSourcesBuildPhase section */
		B71BAB802B289F5A00CC7A4A /* Sources */ = {
			isa = PBXSourcesBuildPhase;
			buildActionMask = 2147483647;
			files = (
				B78C079A2B2B5E890097ABEE /* FeedItemsMapper.swift in Sources */,
				B71BAB9F2B28A02300CC7A4A /* FeedLoader.swift in Sources */,
				B77E1D712B3995380030E8AF /* RemoteFeedItem.swift in Sources */,
				B72E26F92B71456E00D17A6C /* FeedCachePolicy.swift in Sources */,
				B71BABA52B28BE0500CC7A4A /* RemoteFeedLoader.swift in Sources */,
				B77E1D732B39957D0030E8AF /* LocalFeedImage.swift in Sources */,
				B77E1D6F2B38838F0030E8AF /* FeedStore.swift in Sources */,
				B77E1D6D2B3883200030E8AF /* LocalFeedLoader.swift in Sources */,
				B78C07962B2B5E1A0097ABEE /* HTTPClient.swift in Sources */,
				B71BAB9D2B28A01900CC7A4A /* FeedImage.swift in Sources */,
				B78C07AA2B2EE4F80097ABEE /* URLSessionHTTPClient.swift in Sources */,
			);
			runOnlyForDeploymentPostprocessing = 0;
		};
		B71BAB882B289F5A00CC7A4A /* Sources */ = {
			isa = PBXSourcesBuildPhase;
			buildActionMask = 2147483647;
			files = (
				B72E26FB2B75059500D17A6C /* CodableFeedStoreTests.swift in Sources */,
				B7569EEC2B4027D900B480D7 /* ValidateFeedCacheUseCaseTests.swift in Sources */,
				B71BABA22B28A50E00CC7A4A /* LoadFeedFromRemoteUseCaseTests.swift in Sources */,
				B78C07A02B2CAF3F0097ABEE /* URLSessionHTTPClientTests.swift in Sources */,
				B77E1D812B3F19D40030E8AF /* FeedStoreSpy.swift in Sources */,
				B7569EEE2B41769500B480D7 /* FeedCacheTestHelpers.swift in Sources */,
				B7569EF02B41776200B480D7 /* SharedTestHelpers.swift in Sources */,
				B77E1D6A2B3832F70030E8AF /* CacheFeedUseCase.swift in Sources */,
				B77E1D7E2B3F17E80030E8AF /* LoadFeedFromCacheUseCaseTests.swift in Sources */,
				B78C07A82B2DBF770097ABEE /* XCTestCase+MemoryLeakTracking.swift in Sources */,
			);
			runOnlyForDeploymentPostprocessing = 0;
		};
		B78C07AC2B2EEA8E0097ABEE /* Sources */ = {
			isa = PBXSourcesBuildPhase;
			buildActionMask = 2147483647;
			files = (
				B78C07B32B2EEA8E0097ABEE /* EssentialFeedAPIEndToEndTests.swift in Sources */,
				B78C07BA2B2EF3050097ABEE /* XCTestCase+MemoryLeakTracking.swift in Sources */,
			);
			runOnlyForDeploymentPostprocessing = 0;
		};
/* End PBXSourcesBuildPhase section */

/* Begin PBXTargetDependency section */
		B71BAB8F2B289F5A00CC7A4A /* PBXTargetDependency */ = {
			isa = PBXTargetDependency;
			target = B71BAB832B289F5A00CC7A4A /* EssentialFeed */;
			targetProxy = B71BAB8E2B289F5A00CC7A4A /* PBXContainerItemProxy */;
		};
		B78C07B62B2EEA8E0097ABEE /* PBXTargetDependency */ = {
			isa = PBXTargetDependency;
			target = B71BAB832B289F5A00CC7A4A /* EssentialFeed */;
			targetProxy = B78C07B52B2EEA8E0097ABEE /* PBXContainerItemProxy */;
		};
/* End PBXTargetDependency section */

/* Begin XCBuildConfiguration section */
		B71BAB942B289F5A00CC7A4A /* Debug */ = {
			isa = XCBuildConfiguration;
			buildSettings = {
				ALWAYS_SEARCH_USER_PATHS = NO;
				ASSETCATALOG_COMPILER_GENERATE_SWIFT_ASSET_SYMBOL_EXTENSIONS = YES;
				CLANG_ANALYZER_NONNULL = YES;
				CLANG_ANALYZER_NUMBER_OBJECT_CONVERSION = YES_AGGRESSIVE;
				CLANG_CXX_LANGUAGE_STANDARD = "gnu++20";
				CLANG_ENABLE_MODULES = YES;
				CLANG_ENABLE_OBJC_ARC = YES;
				CLANG_ENABLE_OBJC_WEAK = YES;
				CLANG_WARN_BLOCK_CAPTURE_AUTORELEASING = YES;
				CLANG_WARN_BOOL_CONVERSION = YES;
				CLANG_WARN_COMMA = YES;
				CLANG_WARN_CONSTANT_CONVERSION = YES;
				CLANG_WARN_DEPRECATED_OBJC_IMPLEMENTATIONS = YES;
				CLANG_WARN_DIRECT_OBJC_ISA_USAGE = YES_ERROR;
				CLANG_WARN_DOCUMENTATION_COMMENTS = YES;
				CLANG_WARN_EMPTY_BODY = YES;
				CLANG_WARN_ENUM_CONVERSION = YES;
				CLANG_WARN_INFINITE_RECURSION = YES;
				CLANG_WARN_INT_CONVERSION = YES;
				CLANG_WARN_NON_LITERAL_NULL_CONVERSION = YES;
				CLANG_WARN_OBJC_IMPLICIT_RETAIN_SELF = YES;
				CLANG_WARN_OBJC_LITERAL_CONVERSION = YES;
				CLANG_WARN_OBJC_ROOT_CLASS = YES_ERROR;
				CLANG_WARN_QUOTED_INCLUDE_IN_FRAMEWORK_HEADER = YES;
				CLANG_WARN_RANGE_LOOP_ANALYSIS = YES;
				CLANG_WARN_STRICT_PROTOTYPES = YES;
				CLANG_WARN_SUSPICIOUS_MOVE = YES;
				CLANG_WARN_UNGUARDED_AVAILABILITY = YES_AGGRESSIVE;
				CLANG_WARN_UNREACHABLE_CODE = YES;
				CLANG_WARN__DUPLICATE_METHOD_MATCH = YES;
				COPY_PHASE_STRIP = NO;
				CURRENT_PROJECT_VERSION = 1;
				DEAD_CODE_STRIPPING = YES;
				DEBUG_INFORMATION_FORMAT = dwarf;
				ENABLE_STRICT_OBJC_MSGSEND = YES;
				ENABLE_TESTABILITY = YES;
				ENABLE_USER_SCRIPT_SANDBOXING = YES;
				GCC_C_LANGUAGE_STANDARD = gnu17;
				GCC_DYNAMIC_NO_PIC = NO;
				GCC_NO_COMMON_BLOCKS = YES;
				GCC_OPTIMIZATION_LEVEL = 0;
				GCC_PREPROCESSOR_DEFINITIONS = (
					"DEBUG=1",
					"$(inherited)",
				);
				GCC_WARN_64_TO_32_BIT_CONVERSION = YES;
				GCC_WARN_ABOUT_RETURN_TYPE = YES_ERROR;
				GCC_WARN_UNDECLARED_SELECTOR = YES;
				GCC_WARN_UNINITIALIZED_AUTOS = YES_AGGRESSIVE;
				GCC_WARN_UNUSED_FUNCTION = YES;
				GCC_WARN_UNUSED_VARIABLE = YES;
				LOCALIZATION_PREFERS_STRING_CATALOGS = YES;
				MACOSX_DEPLOYMENT_TARGET = 13.0;
				MTL_ENABLE_DEBUG_INFO = INCLUDE_SOURCE;
				MTL_FAST_MATH = YES;
				ONLY_ACTIVE_ARCH = YES;
				SWIFT_ACTIVE_COMPILATION_CONDITIONS = "DEBUG $(inherited)";
				SWIFT_OPTIMIZATION_LEVEL = "-Onone";
				VERSIONING_SYSTEM = "apple-generic";
				VERSION_INFO_PREFIX = "";
			};
			name = Debug;
		};
		B71BAB952B289F5A00CC7A4A /* Release */ = {
			isa = XCBuildConfiguration;
			buildSettings = {
				ALWAYS_SEARCH_USER_PATHS = NO;
				ASSETCATALOG_COMPILER_GENERATE_SWIFT_ASSET_SYMBOL_EXTENSIONS = YES;
				CLANG_ANALYZER_NONNULL = YES;
				CLANG_ANALYZER_NUMBER_OBJECT_CONVERSION = YES_AGGRESSIVE;
				CLANG_CXX_LANGUAGE_STANDARD = "gnu++20";
				CLANG_ENABLE_MODULES = YES;
				CLANG_ENABLE_OBJC_ARC = YES;
				CLANG_ENABLE_OBJC_WEAK = YES;
				CLANG_WARN_BLOCK_CAPTURE_AUTORELEASING = YES;
				CLANG_WARN_BOOL_CONVERSION = YES;
				CLANG_WARN_COMMA = YES;
				CLANG_WARN_CONSTANT_CONVERSION = YES;
				CLANG_WARN_DEPRECATED_OBJC_IMPLEMENTATIONS = YES;
				CLANG_WARN_DIRECT_OBJC_ISA_USAGE = YES_ERROR;
				CLANG_WARN_DOCUMENTATION_COMMENTS = YES;
				CLANG_WARN_EMPTY_BODY = YES;
				CLANG_WARN_ENUM_CONVERSION = YES;
				CLANG_WARN_INFINITE_RECURSION = YES;
				CLANG_WARN_INT_CONVERSION = YES;
				CLANG_WARN_NON_LITERAL_NULL_CONVERSION = YES;
				CLANG_WARN_OBJC_IMPLICIT_RETAIN_SELF = YES;
				CLANG_WARN_OBJC_LITERAL_CONVERSION = YES;
				CLANG_WARN_OBJC_ROOT_CLASS = YES_ERROR;
				CLANG_WARN_QUOTED_INCLUDE_IN_FRAMEWORK_HEADER = YES;
				CLANG_WARN_RANGE_LOOP_ANALYSIS = YES;
				CLANG_WARN_STRICT_PROTOTYPES = YES;
				CLANG_WARN_SUSPICIOUS_MOVE = YES;
				CLANG_WARN_UNGUARDED_AVAILABILITY = YES_AGGRESSIVE;
				CLANG_WARN_UNREACHABLE_CODE = YES;
				CLANG_WARN__DUPLICATE_METHOD_MATCH = YES;
				COPY_PHASE_STRIP = NO;
				CURRENT_PROJECT_VERSION = 1;
				DEAD_CODE_STRIPPING = YES;
				DEBUG_INFORMATION_FORMAT = "dwarf-with-dsym";
				ENABLE_NS_ASSERTIONS = NO;
				ENABLE_STRICT_OBJC_MSGSEND = YES;
				ENABLE_USER_SCRIPT_SANDBOXING = YES;
				GCC_C_LANGUAGE_STANDARD = gnu17;
				GCC_NO_COMMON_BLOCKS = YES;
				GCC_WARN_64_TO_32_BIT_CONVERSION = YES;
				GCC_WARN_ABOUT_RETURN_TYPE = YES_ERROR;
				GCC_WARN_UNDECLARED_SELECTOR = YES;
				GCC_WARN_UNINITIALIZED_AUTOS = YES_AGGRESSIVE;
				GCC_WARN_UNUSED_FUNCTION = YES;
				GCC_WARN_UNUSED_VARIABLE = YES;
				LOCALIZATION_PREFERS_STRING_CATALOGS = YES;
				MACOSX_DEPLOYMENT_TARGET = 13.0;
				MTL_ENABLE_DEBUG_INFO = NO;
				MTL_FAST_MATH = YES;
				SWIFT_COMPILATION_MODE = wholemodule;
				VERSIONING_SYSTEM = "apple-generic";
				VERSION_INFO_PREFIX = "";
			};
			name = Release;
		};
		B71BAB972B289F5A00CC7A4A /* Debug */ = {
			isa = XCBuildConfiguration;
			buildSettings = {
				CLANG_ENABLE_MODULES = YES;
				CODE_SIGN_IDENTITY = "";
				CODE_SIGN_STYLE = Automatic;
				CURRENT_PROJECT_VERSION = 1;
				DEAD_CODE_STRIPPING = YES;
				DEFINES_MODULE = YES;
				DEVELOPMENT_TEAM = 7QNMFNTU6J;
				DYLIB_COMPATIBILITY_VERSION = 1;
				DYLIB_CURRENT_VERSION = 1;
				DYLIB_INSTALL_NAME_BASE = "@rpath";
				ENABLE_MODULE_VERIFIER = YES;
				GENERATE_INFOPLIST_FILE = YES;
				INFOPLIST_KEY_NSHumanReadableCopyright = "";
				INSTALL_PATH = "$(LOCAL_LIBRARY_DIR)/Frameworks";
				IPHONEOS_DEPLOYMENT_TARGET = 17.0;
				LD_RUNPATH_SEARCH_PATHS = (
					"@executable_path/Frameworks",
					"@loader_path/Frameworks",
				);
				"LD_RUNPATH_SEARCH_PATHS[sdk=macosx*]" = (
					"@executable_path/../Frameworks",
					"@loader_path/Frameworks",
				);
				MACOSX_DEPLOYMENT_TARGET = 13.0;
				MARKETING_VERSION = 1.0;
				MODULE_VERIFIER_SUPPORTED_LANGUAGES = "objective-c objective-c++";
				MODULE_VERIFIER_SUPPORTED_LANGUAGE_STANDARDS = "gnu17 gnu++20";
				PRODUCT_BUNDLE_IDENTIFIER = com.yaroslavYS.EssentialFeed;
				PRODUCT_NAME = "$(TARGET_NAME:c99extidentifier)";
				SDKROOT = auto;
				SKIP_INSTALL = YES;
				SUPPORTED_PLATFORMS = "iphoneos iphonesimulator macosx";
				SWIFT_EMIT_LOC_STRINGS = YES;
				SWIFT_OPTIMIZATION_LEVEL = "-Onone";
				SWIFT_VERSION = 5.0;
				TARGETED_DEVICE_FAMILY = "1,2";
			};
			name = Debug;
		};
		B71BAB982B289F5A00CC7A4A /* Release */ = {
			isa = XCBuildConfiguration;
			buildSettings = {
				CLANG_ENABLE_MODULES = YES;
				CODE_SIGN_IDENTITY = "";
				CODE_SIGN_STYLE = Automatic;
				CURRENT_PROJECT_VERSION = 1;
				DEAD_CODE_STRIPPING = YES;
				DEFINES_MODULE = YES;
				DEVELOPMENT_TEAM = 7QNMFNTU6J;
				DYLIB_COMPATIBILITY_VERSION = 1;
				DYLIB_CURRENT_VERSION = 1;
				DYLIB_INSTALL_NAME_BASE = "@rpath";
				ENABLE_MODULE_VERIFIER = YES;
				GENERATE_INFOPLIST_FILE = YES;
				INFOPLIST_KEY_NSHumanReadableCopyright = "";
				INSTALL_PATH = "$(LOCAL_LIBRARY_DIR)/Frameworks";
				IPHONEOS_DEPLOYMENT_TARGET = 17.0;
				LD_RUNPATH_SEARCH_PATHS = (
					"@executable_path/Frameworks",
					"@loader_path/Frameworks",
				);
				"LD_RUNPATH_SEARCH_PATHS[sdk=macosx*]" = (
					"@executable_path/../Frameworks",
					"@loader_path/Frameworks",
				);
				MACOSX_DEPLOYMENT_TARGET = 13.0;
				MARKETING_VERSION = 1.0;
				MODULE_VERIFIER_SUPPORTED_LANGUAGES = "objective-c objective-c++";
				MODULE_VERIFIER_SUPPORTED_LANGUAGE_STANDARDS = "gnu17 gnu++20";
				PRODUCT_BUNDLE_IDENTIFIER = com.yaroslavYS.EssentialFeed;
				PRODUCT_NAME = "$(TARGET_NAME:c99extidentifier)";
				SDKROOT = auto;
				SKIP_INSTALL = YES;
				SUPPORTED_PLATFORMS = "iphoneos iphonesimulator macosx";
				SWIFT_EMIT_LOC_STRINGS = YES;
				SWIFT_VERSION = 5.0;
				TARGETED_DEVICE_FAMILY = "1,2";
			};
			name = Release;
		};
		B71BAB9A2B289F5A00CC7A4A /* Debug */ = {
			isa = XCBuildConfiguration;
			buildSettings = {
				ALWAYS_EMBED_SWIFT_STANDARD_LIBRARIES = YES;
				CODE_SIGN_STYLE = Automatic;
				CURRENT_PROJECT_VERSION = 1;
				DEAD_CODE_STRIPPING = YES;
				DEVELOPMENT_TEAM = 7QNMFNTU6J;
				GENERATE_INFOPLIST_FILE = YES;
				IPHONEOS_DEPLOYMENT_TARGET = 17.0;
				MACOSX_DEPLOYMENT_TARGET = 13.0;
				MARKETING_VERSION = 1.0;
				PRODUCT_BUNDLE_IDENTIFIER = com.yaroslavYS.EssentialFeedTests;
				PRODUCT_NAME = "$(TARGET_NAME)";
				SDKROOT = auto;
				SUPPORTED_PLATFORMS = "iphoneos iphonesimulator macosx";
				SWIFT_EMIT_LOC_STRINGS = NO;
				SWIFT_VERSION = 5.0;
				TARGETED_DEVICE_FAMILY = "1,2";
			};
			name = Debug;
		};
		B71BAB9B2B289F5A00CC7A4A /* Release */ = {
			isa = XCBuildConfiguration;
			buildSettings = {
				ALWAYS_EMBED_SWIFT_STANDARD_LIBRARIES = YES;
				CODE_SIGN_STYLE = Automatic;
				CURRENT_PROJECT_VERSION = 1;
				DEAD_CODE_STRIPPING = YES;
				DEVELOPMENT_TEAM = 7QNMFNTU6J;
				GENERATE_INFOPLIST_FILE = YES;
				IPHONEOS_DEPLOYMENT_TARGET = 17.0;
				MACOSX_DEPLOYMENT_TARGET = 13.0;
				MARKETING_VERSION = 1.0;
				PRODUCT_BUNDLE_IDENTIFIER = com.yaroslavYS.EssentialFeedTests;
				PRODUCT_NAME = "$(TARGET_NAME)";
				SDKROOT = auto;
				SUPPORTED_PLATFORMS = "iphoneos iphonesimulator macosx";
				SWIFT_EMIT_LOC_STRINGS = NO;
				SWIFT_VERSION = 5.0;
				TARGETED_DEVICE_FAMILY = "1,2";
			};
			name = Release;
		};
		B78C07B82B2EEA8E0097ABEE /* Debug */ = {
			isa = XCBuildConfiguration;
			buildSettings = {
				CODE_SIGN_STYLE = Automatic;
				CURRENT_PROJECT_VERSION = 1;
				DEVELOPMENT_TEAM = 7QNMFNTU6J;
				GENERATE_INFOPLIST_FILE = YES;
				MACOSX_DEPLOYMENT_TARGET = 13.0;
				MARKETING_VERSION = 1.0;
				PRODUCT_BUNDLE_IDENTIFIER = com.yaroslavYS.EssentialFeedAPIEndToEndTests;
				PRODUCT_NAME = "$(TARGET_NAME)";
				SDKROOT = macosx;
				SWIFT_EMIT_LOC_STRINGS = NO;
				SWIFT_VERSION = 5.0;
			};
			name = Debug;
		};
		B78C07B92B2EEA8E0097ABEE /* Release */ = {
			isa = XCBuildConfiguration;
			buildSettings = {
				CODE_SIGN_STYLE = Automatic;
				CURRENT_PROJECT_VERSION = 1;
				DEVELOPMENT_TEAM = 7QNMFNTU6J;
				GENERATE_INFOPLIST_FILE = YES;
				MACOSX_DEPLOYMENT_TARGET = 13.0;
				MARKETING_VERSION = 1.0;
				PRODUCT_BUNDLE_IDENTIFIER = com.yaroslavYS.EssentialFeedAPIEndToEndTests;
				PRODUCT_NAME = "$(TARGET_NAME)";
				SDKROOT = macosx;
				SWIFT_EMIT_LOC_STRINGS = NO;
				SWIFT_VERSION = 5.0;
			};
			name = Release;
		};
/* End XCBuildConfiguration section */

/* Begin XCConfigurationList section */
		B71BAB7E2B289F5A00CC7A4A /* Build configuration list for PBXProject "EssentialFeed" */ = {
			isa = XCConfigurationList;
			buildConfigurations = (
				B71BAB942B289F5A00CC7A4A /* Debug */,
				B71BAB952B289F5A00CC7A4A /* Release */,
			);
			defaultConfigurationIsVisible = 0;
			defaultConfigurationName = Release;
		};
		B71BAB962B289F5A00CC7A4A /* Build configuration list for PBXNativeTarget "EssentialFeed" */ = {
			isa = XCConfigurationList;
			buildConfigurations = (
				B71BAB972B289F5A00CC7A4A /* Debug */,
				B71BAB982B289F5A00CC7A4A /* Release */,
			);
			defaultConfigurationIsVisible = 0;
			defaultConfigurationName = Release;
		};
		B71BAB992B289F5A00CC7A4A /* Build configuration list for PBXNativeTarget "EssentialFeedTests" */ = {
			isa = XCConfigurationList;
			buildConfigurations = (
				B71BAB9A2B289F5A00CC7A4A /* Debug */,
				B71BAB9B2B289F5A00CC7A4A /* Release */,
			);
			defaultConfigurationIsVisible = 0;
			defaultConfigurationName = Release;
		};
		B78C07B72B2EEA8E0097ABEE /* Build configuration list for PBXNativeTarget "EssentialFeedAPIEndToEndTests" */ = {
			isa = XCConfigurationList;
			buildConfigurations = (
				B78C07B82B2EEA8E0097ABEE /* Debug */,
				B78C07B92B2EEA8E0097ABEE /* Release */,
			);
			defaultConfigurationIsVisible = 0;
			defaultConfigurationName = Release;
		};
/* End XCConfigurationList section */
	};
	rootObject = B71BAB7B2B289F5A00CC7A4A /* Project object */;
}
