// !$*UTF8*$!
{
	archiveVersion = 1;
	classes = {
	};
	objectVersion = 70;
	objects = {

/* Begin PBXBuildFile section */
		B717A0402B7FDB1B00D86940 /* CodableFeedStore.swift in Sources */ = {isa = PBXBuildFile; fileRef = B717A03F2B7FDB1B00D86940 /* CodableFeedStore.swift */; };
		B71BAB8D2B289F5A00CC7A4A /* EssentialFeed.framework in Frameworks */ = {isa = PBXBuildFile; fileRef = B71BAB842B289F5A00CC7A4A /* EssentialFeed.framework */; };
		B71BAB9D2B28A01900CC7A4A /* FeedImage.swift in Sources */ = {isa = PBXBuildFile; fileRef = B71BAB9C2B28A01900CC7A4A /* FeedImage.swift */; };
		B71BAB9F2B28A02300CC7A4A /* FeedLoader.swift in Sources */ = {isa = PBXBuildFile; fileRef = B71BAB9E2B28A02300CC7A4A /* FeedLoader.swift */; };
		B71BABA22B28A50E00CC7A4A /* LoadFeedFromRemoteUseCaseTests.swift in Sources */ = {isa = PBXBuildFile; fileRef = B71BABA12B28A50E00CC7A4A /* LoadFeedFromRemoteUseCaseTests.swift */; };
		B71BABA52B28BE0500CC7A4A /* RemoteFeedLoader.swift in Sources */ = {isa = PBXBuildFile; fileRef = B71BABA42B28BE0500CC7A4A /* RemoteFeedLoader.swift */; };
		B72A31422BBB102200EDC20E /* FeedStoreSpecs.swift in Sources */ = {isa = PBXBuildFile; fileRef = B72A31412BBB102200EDC20E /* FeedStoreSpecs.swift */; };
		B72A31442BBB109000EDC20E /* XCTestCase+FeedStoreSpecs.swift in Sources */ = {isa = PBXBuildFile; fileRef = B72A31432BBB109000EDC20E /* XCTestCase+FeedStoreSpecs.swift */; };
		B72E26F92B71456E00D17A6C /* FeedCachePolicy.swift in Sources */ = {isa = PBXBuildFile; fileRef = B72E26F82B71456E00D17A6C /* FeedCachePolicy.swift */; };
		B74359342D511160003B5077 /* EssentialFeediOS.framework in Frameworks */ = {isa = PBXBuildFile; fileRef = B743592C2D511160003B5077 /* EssentialFeediOS.framework */; };
		B7569EEC2B4027D900B480D7 /* ValidateFeedCacheUseCaseTests.swift in Sources */ = {isa = PBXBuildFile; fileRef = B7569EEB2B4027D900B480D7 /* ValidateFeedCacheUseCaseTests.swift */; };
		B7569EEE2B41769500B480D7 /* FeedCacheTestHelpers.swift in Sources */ = {isa = PBXBuildFile; fileRef = B7569EED2B41769500B480D7 /* FeedCacheTestHelpers.swift */; };
		B7569EF02B41776200B480D7 /* SharedTestHelpers.swift in Sources */ = {isa = PBXBuildFile; fileRef = B7569EEF2B41776200B480D7 /* SharedTestHelpers.swift */; };
		B75ECECF2D65D4CD00A5715C /* EssentialFeed.framework in Frameworks */ = {isa = PBXBuildFile; fileRef = B71BAB842B289F5A00CC7A4A /* EssentialFeed.framework */; };
		B75ECED02D65D4CD00A5715C /* EssentialFeed.framework in Embed Frameworks */ = {isa = PBXBuildFile; fileRef = B71BAB842B289F5A00CC7A4A /* EssentialFeed.framework */; settings = {ATTRIBUTES = (CodeSignOnCopy, RemoveHeadersOnCopy, ); }; };
		B75ECED42D65D64B00A5715C /* XCTestCase+MemoryLeakTracking.swift in Sources */ = {isa = PBXBuildFile; fileRef = B78C07A72B2DBF770097ABEE /* XCTestCase+MemoryLeakTracking.swift */; };
		B77E1D6A2B3832F70030E8AF /* CacheFeedUseCase.swift in Sources */ = {isa = PBXBuildFile; fileRef = B77E1D692B3832F70030E8AF /* CacheFeedUseCase.swift */; };
		B77E1D6D2B3883200030E8AF /* LocalFeedLoader.swift in Sources */ = {isa = PBXBuildFile; fileRef = B77E1D6C2B3883200030E8AF /* LocalFeedLoader.swift */; };
		B77E1D6F2B38838F0030E8AF /* FeedStore.swift in Sources */ = {isa = PBXBuildFile; fileRef = B77E1D6E2B38838F0030E8AF /* FeedStore.swift */; };
		B77E1D712B3995380030E8AF /* RemoteFeedItem.swift in Sources */ = {isa = PBXBuildFile; fileRef = B77E1D702B3995380030E8AF /* RemoteFeedItem.swift */; };
		B77E1D732B39957D0030E8AF /* LocalFeedImage.swift in Sources */ = {isa = PBXBuildFile; fileRef = B77E1D722B39957D0030E8AF /* LocalFeedImage.swift */; };
		B77E1D7E2B3F17E80030E8AF /* LoadFeedFromCacheUseCaseTests.swift in Sources */ = {isa = PBXBuildFile; fileRef = B77E1D7D2B3F17E80030E8AF /* LoadFeedFromCacheUseCaseTests.swift */; };
		B77E1D812B3F19D40030E8AF /* FeedStoreSpy.swift in Sources */ = {isa = PBXBuildFile; fileRef = B77E1D802B3F19D40030E8AF /* FeedStoreSpy.swift */; };
		B78068862D47E51B00B67031 /* CoreDataFeedStoreTests.swift in Sources */ = {isa = PBXBuildFile; fileRef = B78068852D47E51800B67031 /* CoreDataFeedStoreTests.swift */; };
		B78068892D47E66F00B67031 /* CoreDataFeedStore.swift in Sources */ = {isa = PBXBuildFile; fileRef = B78068872D47E5F700B67031 /* CoreDataFeedStore.swift */; };
		B780688C2D47EE5B00B67031 /* FeedStore.xcdatamodeld in Sources */ = {isa = PBXBuildFile; fileRef = B780688A2D47EE5B00B67031 /* FeedStore.xcdatamodeld */; };
		B78068912D47FB2900B67031 /* CoreDataHelpers.swift in Sources */ = {isa = PBXBuildFile; fileRef = B78068902D47FB2600B67031 /* CoreDataHelpers.swift */; };
		B78068932D47FBF700B67031 /* ManagedCache.swift in Sources */ = {isa = PBXBuildFile; fileRef = B78068922D47FBF400B67031 /* ManagedCache.swift */; };
		B78068952D47FC0600B67031 /* ManagedFeedImage.swift in Sources */ = {isa = PBXBuildFile; fileRef = B78068942D47FBFB00B67031 /* ManagedFeedImage.swift */; };
		B780689E2D47FDB200B67031 /* EssentialFeed.framework in Frameworks */ = {isa = PBXBuildFile; fileRef = B71BAB842B289F5A00CC7A4A /* EssentialFeed.framework */; };
		B78068A72D48023F00B67031 /* XCTestCase+MemoryLeakTracking.swift in Sources */ = {isa = PBXBuildFile; fileRef = B78C07A72B2DBF770097ABEE /* XCTestCase+MemoryLeakTracking.swift */; };
		B78068A82D48050B00B67031 /* FeedCacheTestHelpers.swift in Sources */ = {isa = PBXBuildFile; fileRef = B7569EED2B41769500B480D7 /* FeedCacheTestHelpers.swift */; };
		B78068A92D48052000B67031 /* SharedTestHelpers.swift in Sources */ = {isa = PBXBuildFile; fileRef = B7569EEF2B41776200B480D7 /* SharedTestHelpers.swift */; };
		B78C07962B2B5E1A0097ABEE /* HTTPClient.swift in Sources */ = {isa = PBXBuildFile; fileRef = B78C07952B2B5E1A0097ABEE /* HTTPClient.swift */; };
		B78C079A2B2B5E890097ABEE /* FeedItemsMapper.swift in Sources */ = {isa = PBXBuildFile; fileRef = B78C07992B2B5E890097ABEE /* FeedItemsMapper.swift */; };
		B78C07A02B2CAF3F0097ABEE /* URLSessionHTTPClientTests.swift in Sources */ = {isa = PBXBuildFile; fileRef = B78C079F2B2CAF3F0097ABEE /* URLSessionHTTPClientTests.swift */; };
		B78C07A82B2DBF770097ABEE /* XCTestCase+MemoryLeakTracking.swift in Sources */ = {isa = PBXBuildFile; fileRef = B78C07A72B2DBF770097ABEE /* XCTestCase+MemoryLeakTracking.swift */; };
		B78C07AA2B2EE4F80097ABEE /* URLSessionHTTPClient.swift in Sources */ = {isa = PBXBuildFile; fileRef = B78C07A92B2EE4F80097ABEE /* URLSessionHTTPClient.swift */; };
		B78C07B32B2EEA8E0097ABEE /* EssentialFeedAPIEndToEndTests.swift in Sources */ = {isa = PBXBuildFile; fileRef = B78C07B22B2EEA8E0097ABEE /* EssentialFeedAPIEndToEndTests.swift */; };
		B78C07B42B2EEA8E0097ABEE /* EssentialFeed.framework in Frameworks */ = {isa = PBXBuildFile; fileRef = B71BAB842B289F5A00CC7A4A /* EssentialFeed.framework */; };
		B78C07BA2B2EF3050097ABEE /* XCTestCase+MemoryLeakTracking.swift in Sources */ = {isa = PBXBuildFile; fileRef = B78C07A72B2DBF770097ABEE /* XCTestCase+MemoryLeakTracking.swift */; };
		B7AF92AB2D70988300CBF44D /* FeedErrorViewModel.swift in Sources */ = {isa = PBXBuildFile; fileRef = B7AF92A02D70944F00CBF44D /* FeedErrorViewModel.swift */; };
		B7AF92AC2D70988800CBF44D /* FeedImagePresenter.swift in Sources */ = {isa = PBXBuildFile; fileRef = B7AF925C2D70747F00CBF44D /* FeedImagePresenter.swift */; };
		B7AF92AD2D70988E00CBF44D /* FeedImageViewModel.swift in Sources */ = {isa = PBXBuildFile; fileRef = B7AF925D2D70747F00CBF44D /* FeedImageViewModel.swift */; };
		B7AF92AE2D7098B200CBF44D /* FeedLoadingViewModel.swift in Sources */ = {isa = PBXBuildFile; fileRef = B7AF925E2D70747F00CBF44D /* FeedLoadingViewModel.swift */; };
		B7AF92AF2D7098CB00CBF44D /* FeedViewModel.swift in Sources */ = {isa = PBXBuildFile; fileRef = B7AF92602D70747F00CBF44D /* FeedViewModel.swift */; };
		B7AF92B02D70990700CBF44D /* FeedPresenter.swift in Sources */ = {isa = PBXBuildFile; fileRef = B7AF925F2D70747F00CBF44D /* FeedPresenter.swift */; };
		B7AF92B32D70993500CBF44D /* FeedImagePresenterTests.swift in Sources */ = {isa = PBXBuildFile; fileRef = B7AF92B22D70993400CBF44D /* FeedImagePresenterTests.swift */; };
		B7AF92B42D70997600CBF44D /* FeedLocalizationTests.swift in Sources */ = {isa = PBXBuildFile; fileRef = B7AF92962D70747F00CBF44D /* FeedLocalizationTests.swift */; };
		B7AF92B62D7099EA00CBF44D /* FeedPresenterTests.swift in Sources */ = {isa = PBXBuildFile; fileRef = B7AF92B52D7099E400CBF44D /* FeedPresenterTests.swift */; };
		B7AF92B72D709B2A00CBF44D /* Feed.xcstrings in Resources */ = {isa = PBXBuildFile; fileRef = B7AF925B2D70747F00CBF44D /* Feed.xcstrings */; };
		B7AF92B82D709D6F00CBF44D /* FeedImageDataLoader.swift in Sources */ = {isa = PBXBuildFile; fileRef = B7AF92592D70747F00CBF44D /* FeedImageDataLoader.swift */; };
		B7AF92FB2D70BF3500CBF44D /* HTTPURLResponse+StatusCode.swift in Sources */ = {isa = PBXBuildFile; fileRef = B7AF92FA2D70BF2E00CBF44D /* HTTPURLResponse+StatusCode.swift */; };
		B7AF92FD2D70BF5400CBF44D /* RemoteFeedImageDataLoader.swift in Sources */ = {isa = PBXBuildFile; fileRef = B7AF92FC2D70BF4E00CBF44D /* RemoteFeedImageDataLoader.swift */; };
		B7AF93032D70C09600CBF44D /* HTTPClientSpy.swift in Sources */ = {isa = PBXBuildFile; fileRef = B7AF92FE2D70C04600CBF44D /* HTTPClientSpy.swift */; };
		B7AF93052D70C0AD00CBF44D /* URLProtocolStub.swift in Sources */ = {isa = PBXBuildFile; fileRef = B7AF93042D70C0AD00CBF44D /* URLProtocolStub.swift */; };
		B7AF93072D70C0DB00CBF44D /* LoadFeedImageDataFromRemoteUseCaseTests.swift in Sources */ = {isa = PBXBuildFile; fileRef = B7AF93062D70C0DA00CBF44D /* LoadFeedImageDataFromRemoteUseCaseTests.swift */; };
		B7AF93092D70C42000CBF44D /* FeedImageDataStore.swift in Sources */ = {isa = PBXBuildFile; fileRef = B7AF93082D70C41D00CBF44D /* FeedImageDataStore.swift */; };
		B7AF930B2D70C45200CBF44D /* CoreDataFeedStore+FeedImageDataStore.swift in Sources */ = {isa = PBXBuildFile; fileRef = B7AF930A2D70C44D00CBF44D /* CoreDataFeedStore+FeedImageDataStore.swift */; };
		B7AF930D2D70C46B00CBF44D /* CoreDataFeedStore+FeedStore.swift in Sources */ = {isa = PBXBuildFile; fileRef = B7AF930C2D70C46700CBF44D /* CoreDataFeedStore+FeedStore.swift */; };
		B7AF93102D70C5CC00CBF44D /* LocalFeedImageDataLoader.swift in Sources */ = {isa = PBXBuildFile; fileRef = B7AF930F2D70C5CC00CBF44D /* LocalFeedImageDataLoader.swift */; };
		B7AF93122D70C74900CBF44D /* CacheFeedImageDataUseCaseTests.swift in Sources */ = {isa = PBXBuildFile; fileRef = B7AF93112D70C74800CBF44D /* CacheFeedImageDataUseCaseTests.swift */; };
		B7AF93142D70C75B00CBF44D /* CoreDataFeedImageDataStoreTests.swift in Sources */ = {isa = PBXBuildFile; fileRef = B7AF93132D70C75A00CBF44D /* CoreDataFeedImageDataStoreTests.swift */; };
		B7AF93162D70C78E00CBF44D /* FeedImageDataStoreSpy.swift in Sources */ = {isa = PBXBuildFile; fileRef = B7AF93152D70C78E00CBF44D /* FeedImageDataStoreSpy.swift */; };
		B7AF93172D70C78E00CBF44D /* FeedImageDataStoreSpy.swift in Sources */ = {isa = PBXBuildFile; fileRef = B7AF93152D70C78E00CBF44D /* FeedImageDataStoreSpy.swift */; };
		B7AF93192D70C7A000CBF44D /* LoadFeedImageDataFromCacheUseCaseTests.swift in Sources */ = {isa = PBXBuildFile; fileRef = B7AF93182D70C7A000CBF44D /* LoadFeedImageDataFromCacheUseCaseTests.swift */; };
/* End PBXBuildFile section */

/* Begin PBXContainerItemProxy section */
		B71BAB8E2B289F5A00CC7A4A /* PBXContainerItemProxy */ = {
			isa = PBXContainerItemProxy;
			containerPortal = B71BAB7B2B289F5A00CC7A4A /* Project object */;
			proxyType = 1;
			remoteGlobalIDString = B71BAB832B289F5A00CC7A4A;
			remoteInfo = EssentialFeed;
		};
		B74359352D511160003B5077 /* PBXContainerItemProxy */ = {
			isa = PBXContainerItemProxy;
			containerPortal = B71BAB7B2B289F5A00CC7A4A /* Project object */;
			proxyType = 1;
			remoteGlobalIDString = B743592B2D511160003B5077;
			remoteInfo = EssentialFeediOS;
		};
		B75ECED12D65D4CD00A5715C /* PBXContainerItemProxy */ = {
			isa = PBXContainerItemProxy;
			containerPortal = B71BAB7B2B289F5A00CC7A4A /* Project object */;
			proxyType = 1;
			remoteGlobalIDString = B71BAB832B289F5A00CC7A4A;
			remoteInfo = EssentialFeed;
		};
		B780689F2D47FDB200B67031 /* PBXContainerItemProxy */ = {
			isa = PBXContainerItemProxy;
			containerPortal = B71BAB7B2B289F5A00CC7A4A /* Project object */;
			proxyType = 1;
			remoteGlobalIDString = B71BAB832B289F5A00CC7A4A;
			remoteInfo = EssentialFeed;
		};
		B78C07B52B2EEA8E0097ABEE /* PBXContainerItemProxy */ = {
			isa = PBXContainerItemProxy;
			containerPortal = B71BAB7B2B289F5A00CC7A4A /* Project object */;
			proxyType = 1;
			remoteGlobalIDString = B71BAB832B289F5A00CC7A4A;
			remoteInfo = EssentialFeed;
		};
/* End PBXContainerItemProxy section */

/* Begin PBXCopyFilesBuildPhase section */
		B75ECED32D65D4CD00A5715C /* Embed Frameworks */ = {
			isa = PBXCopyFilesBuildPhase;
			buildActionMask = 2147483647;
			dstPath = "";
			dstSubfolderSpec = 10;
			files = (
				B75ECED02D65D4CD00A5715C /* EssentialFeed.framework in Embed Frameworks */,
			);
			name = "Embed Frameworks";
			runOnlyForDeploymentPostprocessing = 0;
		};
/* End PBXCopyFilesBuildPhase section */

/* Begin PBXFileReference section */
		B717A03F2B7FDB1B00D86940 /* CodableFeedStore.swift */ = {isa = PBXFileReference; lastKnownFileType = sourcecode.swift; path = CodableFeedStore.swift; sourceTree = "<group>"; };
		B71BAB842B289F5A00CC7A4A /* EssentialFeed.framework */ = {isa = PBXFileReference; explicitFileType = wrapper.framework; includeInIndex = 0; path = EssentialFeed.framework; sourceTree = BUILT_PRODUCTS_DIR; };
		B71BAB8C2B289F5A00CC7A4A /* EssentialFeedTests.xctest */ = {isa = PBXFileReference; explicitFileType = wrapper.cfbundle; includeInIndex = 0; path = EssentialFeedTests.xctest; sourceTree = BUILT_PRODUCTS_DIR; };
		B71BAB9C2B28A01900CC7A4A /* FeedImage.swift */ = {isa = PBXFileReference; lastKnownFileType = sourcecode.swift; path = FeedImage.swift; sourceTree = "<group>"; };
		B71BAB9E2B28A02300CC7A4A /* FeedLoader.swift */ = {isa = PBXFileReference; lastKnownFileType = sourcecode.swift; path = FeedLoader.swift; sourceTree = "<group>"; };
		B71BABA12B28A50E00CC7A4A /* LoadFeedFromRemoteUseCaseTests.swift */ = {isa = PBXFileReference; lastKnownFileType = sourcecode.swift; path = LoadFeedFromRemoteUseCaseTests.swift; sourceTree = "<group>"; };
		B71BABA42B28BE0500CC7A4A /* RemoteFeedLoader.swift */ = {isa = PBXFileReference; lastKnownFileType = sourcecode.swift; path = RemoteFeedLoader.swift; sourceTree = "<group>"; };
		B72208AB2D4A92E8007AAA9B /* EssentialFeedAPIEndToEndTests.xctestplan */ = {isa = PBXFileReference; lastKnownFileType = text; path = EssentialFeedAPIEndToEndTests.xctestplan; sourceTree = "<group>"; };
		B72A31412BBB102200EDC20E /* FeedStoreSpecs.swift */ = {isa = PBXFileReference; lastKnownFileType = sourcecode.swift; path = FeedStoreSpecs.swift; sourceTree = "<group>"; };
		B72A31432BBB109000EDC20E /* XCTestCase+FeedStoreSpecs.swift */ = {isa = PBXFileReference; lastKnownFileType = sourcecode.swift; path = "XCTestCase+FeedStoreSpecs.swift"; sourceTree = "<group>"; };
		B72E26F82B71456E00D17A6C /* FeedCachePolicy.swift */ = {isa = PBXFileReference; lastKnownFileType = sourcecode.swift; path = FeedCachePolicy.swift; sourceTree = "<group>"; };
		B743592C2D511160003B5077 /* EssentialFeediOS.framework */ = {isa = PBXFileReference; explicitFileType = wrapper.framework; includeInIndex = 0; path = EssentialFeediOS.framework; sourceTree = BUILT_PRODUCTS_DIR; };
		B74359332D511160003B5077 /* EssentialFeediOSTests.xctest */ = {isa = PBXFileReference; explicitFileType = wrapper.cfbundle; includeInIndex = 0; path = EssentialFeediOSTests.xctest; sourceTree = BUILT_PRODUCTS_DIR; };
		B74359462D5114A9003B5077 /* CI_iOS.xctestplan */ = {isa = PBXFileReference; lastKnownFileType = text; path = CI_iOS.xctestplan; sourceTree = SOURCE_ROOT; };
		B7569EEB2B4027D900B480D7 /* ValidateFeedCacheUseCaseTests.swift */ = {isa = PBXFileReference; lastKnownFileType = sourcecode.swift; path = ValidateFeedCacheUseCaseTests.swift; sourceTree = "<group>"; };
		B7569EED2B41769500B480D7 /* FeedCacheTestHelpers.swift */ = {isa = PBXFileReference; lastKnownFileType = sourcecode.swift; path = FeedCacheTestHelpers.swift; sourceTree = "<group>"; };
		B7569EEF2B41776200B480D7 /* SharedTestHelpers.swift */ = {isa = PBXFileReference; lastKnownFileType = sourcecode.swift; path = SharedTestHelpers.swift; sourceTree = "<group>"; };
		B77E1D692B3832F70030E8AF /* CacheFeedUseCase.swift */ = {isa = PBXFileReference; lastKnownFileType = sourcecode.swift; path = CacheFeedUseCase.swift; sourceTree = "<group>"; };
		B77E1D6C2B3883200030E8AF /* LocalFeedLoader.swift */ = {isa = PBXFileReference; lastKnownFileType = sourcecode.swift; path = LocalFeedLoader.swift; sourceTree = "<group>"; };
		B77E1D6E2B38838F0030E8AF /* FeedStore.swift */ = {isa = PBXFileReference; lastKnownFileType = sourcecode.swift; path = FeedStore.swift; sourceTree = "<group>"; };
		B77E1D702B3995380030E8AF /* RemoteFeedItem.swift */ = {isa = PBXFileReference; lastKnownFileType = sourcecode.swift; path = RemoteFeedItem.swift; sourceTree = "<group>"; };
		B77E1D722B39957D0030E8AF /* LocalFeedImage.swift */ = {isa = PBXFileReference; lastKnownFileType = sourcecode.swift; path = LocalFeedImage.swift; sourceTree = "<group>"; };
		B77E1D7D2B3F17E80030E8AF /* LoadFeedFromCacheUseCaseTests.swift */ = {isa = PBXFileReference; lastKnownFileType = sourcecode.swift; path = LoadFeedFromCacheUseCaseTests.swift; sourceTree = "<group>"; };
		B77E1D802B3F19D40030E8AF /* FeedStoreSpy.swift */ = {isa = PBXFileReference; lastKnownFileType = sourcecode.swift; path = FeedStoreSpy.swift; sourceTree = "<group>"; };
		B78068852D47E51800B67031 /* CoreDataFeedStoreTests.swift */ = {isa = PBXFileReference; lastKnownFileType = sourcecode.swift; path = CoreDataFeedStoreTests.swift; sourceTree = "<group>"; };
		B78068872D47E5F700B67031 /* CoreDataFeedStore.swift */ = {isa = PBXFileReference; lastKnownFileType = sourcecode.swift; path = CoreDataFeedStore.swift; sourceTree = "<group>"; };
		B780688B2D47EE5B00B67031 /* FeedStore.xcdatamodel */ = {isa = PBXFileReference; lastKnownFileType = wrapper.xcdatamodel; path = FeedStore.xcdatamodel; sourceTree = "<group>"; };
		B78068902D47FB2600B67031 /* CoreDataHelpers.swift */ = {isa = PBXFileReference; lastKnownFileType = sourcecode.swift; path = CoreDataHelpers.swift; sourceTree = "<group>"; };
		B78068922D47FBF400B67031 /* ManagedCache.swift */ = {isa = PBXFileReference; lastKnownFileType = sourcecode.swift; path = ManagedCache.swift; sourceTree = "<group>"; };
		B78068942D47FBFB00B67031 /* ManagedFeedImage.swift */ = {isa = PBXFileReference; lastKnownFileType = sourcecode.swift; path = ManagedFeedImage.swift; sourceTree = "<group>"; };
		B780689A2D47FDB200B67031 /* EssentialFeedCacheIntegrationTests.xctest */ = {isa = PBXFileReference; explicitFileType = wrapper.cfbundle; includeInIndex = 0; path = EssentialFeedCacheIntegrationTests.xctest; sourceTree = BUILT_PRODUCTS_DIR; };
		B78C07952B2B5E1A0097ABEE /* HTTPClient.swift */ = {isa = PBXFileReference; lastKnownFileType = sourcecode.swift; path = HTTPClient.swift; sourceTree = "<group>"; };
		B78C07992B2B5E890097ABEE /* FeedItemsMapper.swift */ = {isa = PBXFileReference; lastKnownFileType = sourcecode.swift; path = FeedItemsMapper.swift; sourceTree = "<group>"; };
		B78C079F2B2CAF3F0097ABEE /* URLSessionHTTPClientTests.swift */ = {isa = PBXFileReference; lastKnownFileType = sourcecode.swift; path = URLSessionHTTPClientTests.swift; sourceTree = "<group>"; };
		B78C07A72B2DBF770097ABEE /* XCTestCase+MemoryLeakTracking.swift */ = {isa = PBXFileReference; lastKnownFileType = sourcecode.swift; path = "XCTestCase+MemoryLeakTracking.swift"; sourceTree = "<group>"; };
		B78C07A92B2EE4F80097ABEE /* URLSessionHTTPClient.swift */ = {isa = PBXFileReference; lastKnownFileType = sourcecode.swift; path = URLSessionHTTPClient.swift; sourceTree = "<group>"; };
		B78C07AB2B2EE8040097ABEE /* EssentialFeed.xctestplan */ = {isa = PBXFileReference; lastKnownFileType = text; path = EssentialFeed.xctestplan; sourceTree = "<group>"; };
		B78C07B02B2EEA8E0097ABEE /* EssentialFeedAPIEndToEndTests.xctest */ = {isa = PBXFileReference; explicitFileType = wrapper.cfbundle; includeInIndex = 0; path = EssentialFeedAPIEndToEndTests.xctest; sourceTree = BUILT_PRODUCTS_DIR; };
		B78C07B22B2EEA8E0097ABEE /* EssentialFeedAPIEndToEndTests.swift */ = {isa = PBXFileReference; lastKnownFileType = sourcecode.swift; path = EssentialFeedAPIEndToEndTests.swift; sourceTree = "<group>"; };
		B78C07BB2B2EF5470097ABEE /* CI.xctestplan */ = {isa = PBXFileReference; lastKnownFileType = text; path = CI.xctestplan; sourceTree = "<group>"; };
		B7AF92592D70747F00CBF44D /* FeedImageDataLoader.swift */ = {isa = PBXFileReference; lastKnownFileType = sourcecode.swift; path = FeedImageDataLoader.swift; sourceTree = "<group>"; };
		B7AF925B2D70747F00CBF44D /* Feed.xcstrings */ = {isa = PBXFileReference; lastKnownFileType = text.json.xcstrings; path = Feed.xcstrings; sourceTree = "<group>"; };
		B7AF925C2D70747F00CBF44D /* FeedImagePresenter.swift */ = {isa = PBXFileReference; lastKnownFileType = sourcecode.swift; path = FeedImagePresenter.swift; sourceTree = "<group>"; };
		B7AF925D2D70747F00CBF44D /* FeedImageViewModel.swift */ = {isa = PBXFileReference; lastKnownFileType = sourcecode.swift; path = FeedImageViewModel.swift; sourceTree = "<group>"; };
		B7AF925E2D70747F00CBF44D /* FeedLoadingViewModel.swift */ = {isa = PBXFileReference; lastKnownFileType = sourcecode.swift; path = FeedLoadingViewModel.swift; sourceTree = "<group>"; };
		B7AF925F2D70747F00CBF44D /* FeedPresenter.swift */ = {isa = PBXFileReference; lastKnownFileType = sourcecode.swift; path = FeedPresenter.swift; sourceTree = "<group>"; };
		B7AF92602D70747F00CBF44D /* FeedViewModel.swift */ = {isa = PBXFileReference; lastKnownFileType = sourcecode.swift; path = FeedViewModel.swift; sourceTree = "<group>"; };
		B7AF92962D70747F00CBF44D /* FeedLocalizationTests.swift */ = {isa = PBXFileReference; lastKnownFileType = sourcecode.swift; path = FeedLocalizationTests.swift; sourceTree = "<group>"; };
		B7AF92A02D70944F00CBF44D /* FeedErrorViewModel.swift */ = {isa = PBXFileReference; lastKnownFileType = sourcecode.swift; path = FeedErrorViewModel.swift; sourceTree = "<group>"; };
		B7AF92B22D70993400CBF44D /* FeedImagePresenterTests.swift */ = {isa = PBXFileReference; lastKnownFileType = sourcecode.swift; path = FeedImagePresenterTests.swift; sourceTree = "<group>"; };
		B7AF92B52D7099E400CBF44D /* FeedPresenterTests.swift */ = {isa = PBXFileReference; lastKnownFileType = sourcecode.swift; path = FeedPresenterTests.swift; sourceTree = "<group>"; };
		B7AF92FA2D70BF2E00CBF44D /* HTTPURLResponse+StatusCode.swift */ = {isa = PBXFileReference; lastKnownFileType = sourcecode.swift; path = "HTTPURLResponse+StatusCode.swift"; sourceTree = "<group>"; };
		B7AF92FC2D70BF4E00CBF44D /* RemoteFeedImageDataLoader.swift */ = {isa = PBXFileReference; lastKnownFileType = sourcecode.swift; path = RemoteFeedImageDataLoader.swift; sourceTree = "<group>"; };
		B7AF92FE2D70C04600CBF44D /* HTTPClientSpy.swift */ = {isa = PBXFileReference; lastKnownFileType = sourcecode.swift; path = HTTPClientSpy.swift; sourceTree = "<group>"; };
		B7AF93042D70C0AD00CBF44D /* URLProtocolStub.swift */ = {isa = PBXFileReference; lastKnownFileType = sourcecode.swift; path = URLProtocolStub.swift; sourceTree = "<group>"; };
		B7AF93062D70C0DA00CBF44D /* LoadFeedImageDataFromRemoteUseCaseTests.swift */ = {isa = PBXFileReference; lastKnownFileType = sourcecode.swift; path = LoadFeedImageDataFromRemoteUseCaseTests.swift; sourceTree = "<group>"; };
		B7AF93082D70C41D00CBF44D /* FeedImageDataStore.swift */ = {isa = PBXFileReference; lastKnownFileType = sourcecode.swift; path = FeedImageDataStore.swift; sourceTree = "<group>"; };
		B7AF930A2D70C44D00CBF44D /* CoreDataFeedStore+FeedImageDataStore.swift */ = {isa = PBXFileReference; lastKnownFileType = sourcecode.swift; path = "CoreDataFeedStore+FeedImageDataStore.swift"; sourceTree = "<group>"; };
		B7AF930C2D70C46700CBF44D /* CoreDataFeedStore+FeedStore.swift */ = {isa = PBXFileReference; lastKnownFileType = sourcecode.swift; path = "CoreDataFeedStore+FeedStore.swift"; sourceTree = "<group>"; };
		B7AF930E2D70C54800CBF44D /* FeedStore2.xcdatamodel */ = {isa = PBXFileReference; lastKnownFileType = wrapper.xcdatamodel; path = FeedStore2.xcdatamodel; sourceTree = "<group>"; };
		B7AF930F2D70C5CC00CBF44D /* LocalFeedImageDataLoader.swift */ = {isa = PBXFileReference; lastKnownFileType = sourcecode.swift; path = LocalFeedImageDataLoader.swift; sourceTree = "<group>"; };
		B7AF93112D70C74800CBF44D /* CacheFeedImageDataUseCaseTests.swift */ = {isa = PBXFileReference; lastKnownFileType = sourcecode.swift; path = CacheFeedImageDataUseCaseTests.swift; sourceTree = "<group>"; };
		B7AF93132D70C75A00CBF44D /* CoreDataFeedImageDataStoreTests.swift */ = {isa = PBXFileReference; lastKnownFileType = sourcecode.swift; path = CoreDataFeedImageDataStoreTests.swift; sourceTree = "<group>"; };
		B7AF93152D70C78E00CBF44D /* FeedImageDataStoreSpy.swift */ = {isa = PBXFileReference; lastKnownFileType = sourcecode.swift; path = FeedImageDataStoreSpy.swift; sourceTree = "<group>"; };
		B7AF93182D70C7A000CBF44D /* LoadFeedImageDataFromCacheUseCaseTests.swift */ = {isa = PBXFileReference; lastKnownFileType = sourcecode.swift; path = LoadFeedImageDataFromCacheUseCaseTests.swift; sourceTree = "<group>"; };
/* End PBXFileReference section */

/* Begin PBXFileSystemSynchronizedBuildFileExceptionSet section */
		B72208C02D510B2D007AAA9B /* PBXFileSystemSynchronizedBuildFileExceptionSet */ = {
			isa = PBXFileSystemSynchronizedBuildFileExceptionSet;
			membershipExceptions = (
				EssentialFeedCacheIntegrationTests.xctestplan,
			);
			target = B78068992D47FDB200B67031 /* EssentialFeedCacheIntegrationTests */;
		};
		B74359452D5111FE003B5077 /* PBXFileSystemSynchronizedBuildFileExceptionSet */ = {
			isa = PBXFileSystemSynchronizedBuildFileExceptionSet;
			membershipExceptions = (
				EssentialFeediOS.xctestplan,
			);
			target = B743592B2D511160003B5077 /* EssentialFeediOS */;
		};
/* End PBXFileSystemSynchronizedBuildFileExceptionSet section */

/* Begin PBXFileSystemSynchronizedRootGroup section */
		B743592D2D511160003B5077 /* EssentialFeediOS */ = {isa = PBXFileSystemSynchronizedRootGroup; exceptions = (B74359452D5111FE003B5077 /* PBXFileSystemSynchronizedBuildFileExceptionSet */, ); explicitFileTypes = {}; explicitFolders = (); path = EssentialFeediOS; sourceTree = "<group>"; };
		B74359372D511160003B5077 /* EssentialFeediOSTests */ = {isa = PBXFileSystemSynchronizedRootGroup; explicitFileTypes = {}; explicitFolders = (); path = EssentialFeediOSTests; sourceTree = "<group>"; };
		B780689B2D47FDB200B67031 /* EssentialFeedCacheIntegrationTests */ = {isa = PBXFileSystemSynchronizedRootGroup; exceptions = (B72208C02D510B2D007AAA9B /* PBXFileSystemSynchronizedBuildFileExceptionSet */, ); explicitFileTypes = {}; explicitFolders = (); path = EssentialFeedCacheIntegrationTests; sourceTree = "<group>"; };
/* End PBXFileSystemSynchronizedRootGroup section */

/* Begin PBXFrameworksBuildPhase section */
		B71BAB812B289F5A00CC7A4A /* Frameworks */ = {
			isa = PBXFrameworksBuildPhase;
			buildActionMask = 2147483647;
			files = (
			);
			runOnlyForDeploymentPostprocessing = 0;
		};
		B71BAB892B289F5A00CC7A4A /* Frameworks */ = {
			isa = PBXFrameworksBuildPhase;
			buildActionMask = 2147483647;
			files = (
				B71BAB8D2B289F5A00CC7A4A /* EssentialFeed.framework in Frameworks */,
			);
			runOnlyForDeploymentPostprocessing = 0;
		};
		B74359292D511160003B5077 /* Frameworks */ = {
			isa = PBXFrameworksBuildPhase;
			buildActionMask = 2147483647;
			files = (
				B75ECECF2D65D4CD00A5715C /* EssentialFeed.framework in Frameworks */,
			);
			runOnlyForDeploymentPostprocessing = 0;
		};
		B74359302D511160003B5077 /* Frameworks */ = {
			isa = PBXFrameworksBuildPhase;
			buildActionMask = 2147483647;
			files = (
				B74359342D511160003B5077 /* EssentialFeediOS.framework in Frameworks */,
			);
			runOnlyForDeploymentPostprocessing = 0;
		};
		B78068972D47FDB200B67031 /* Frameworks */ = {
			isa = PBXFrameworksBuildPhase;
			buildActionMask = 2147483647;
			files = (
				B780689E2D47FDB200B67031 /* EssentialFeed.framework in Frameworks */,
			);
			runOnlyForDeploymentPostprocessing = 0;
		};
		B78C07AD2B2EEA8E0097ABEE /* Frameworks */ = {
			isa = PBXFrameworksBuildPhase;
			buildActionMask = 2147483647;
			files = (
				B78C07B42B2EEA8E0097ABEE /* EssentialFeed.framework in Frameworks */,
			);
			runOnlyForDeploymentPostprocessing = 0;
		};
/* End PBXFrameworksBuildPhase section */

/* Begin PBXGroup section */
		B71BAB7A2B289F5A00CC7A4A = {
			isa = PBXGroup;
			children = (
				B71BAB862B289F5A00CC7A4A /* EssentialFeed */,
				B71BAB902B289F5A00CC7A4A /* EssentialFeedTests */,
				B78C07B12B2EEA8E0097ABEE /* EssentialFeedAPIEndToEndTests */,
				B780689B2D47FDB200B67031 /* EssentialFeedCacheIntegrationTests */,
				B743592D2D511160003B5077 /* EssentialFeediOS */,
				B74359372D511160003B5077 /* EssentialFeediOSTests */,
				B75ECECE2D65D4CD00A5715C /* Frameworks */,
				B71BAB852B289F5A00CC7A4A /* Products */,
			);
			sourceTree = "<group>";
		};
		B71BAB852B289F5A00CC7A4A /* Products */ = {
			isa = PBXGroup;
			children = (
				B71BAB842B289F5A00CC7A4A /* EssentialFeed.framework */,
				B71BAB8C2B289F5A00CC7A4A /* EssentialFeedTests.xctest */,
				B78C07B02B2EEA8E0097ABEE /* EssentialFeedAPIEndToEndTests.xctest */,
				B780689A2D47FDB200B67031 /* EssentialFeedCacheIntegrationTests.xctest */,
				B743592C2D511160003B5077 /* EssentialFeediOS.framework */,
				B74359332D511160003B5077 /* EssentialFeediOSTests.xctest */,
			);
			name = Products;
			sourceTree = "<group>";
		};
		B71BAB862B289F5A00CC7A4A /* EssentialFeed */ = {
			isa = PBXGroup;
			children = (
				B7AF92AA2D70980F00CBF44D /* Feed Presentation */,
				B77E1D6B2B3882F90030E8AF /* Feed Cache */,
				B71BABA02B28A02700CC7A4A /* Feed Feature */,
				B71BABA32B28BDC200CC7A4A /* Feed API */,
			);
			path = EssentialFeed;
			sourceTree = "<group>";
		};
		B71BAB902B289F5A00CC7A4A /* EssentialFeedTests */ = {
			isa = PBXGroup;
			children = (
				B7AF92B12D70992800CBF44D /* Feed Presentation */,
				B78C07AB2B2EE8040097ABEE /* EssentialFeed.xctestplan */,
				B78C07A62B2DBF4F0097ABEE /* Helpers */,
				B77E1D682B3832C60030E8AF /* Feed Cache */,
				B78C079B2B2B662B0097ABEE /* Feed API */,
			);
			path = EssentialFeedTests;
			sourceTree = "<group>";
		};
		B71BABA02B28A02700CC7A4A /* Feed Feature */ = {
			isa = PBXGroup;
			children = (
				B71BAB9C2B28A01900CC7A4A /* FeedImage.swift */,
				B71BAB9E2B28A02300CC7A4A /* FeedLoader.swift */,
				B7AF92592D70747F00CBF44D /* FeedImageDataLoader.swift */,
			);
			path = "Feed Feature";
			sourceTree = "<group>";
		};
		B71BABA32B28BDC200CC7A4A /* Feed API */ = {
			isa = PBXGroup;
			children = (
				B7AF92F92D70BF2900CBF44D /* Helpers */,
				B7AF92FC2D70BF4E00CBF44D /* RemoteFeedImageDataLoader.swift */,
				B71BABA42B28BE0500CC7A4A /* RemoteFeedLoader.swift */,
				B78C07952B2B5E1A0097ABEE /* HTTPClient.swift */,
				B78C07992B2B5E890097ABEE /* FeedItemsMapper.swift */,
				B78C07A92B2EE4F80097ABEE /* URLSessionHTTPClient.swift */,
				B77E1D702B3995380030E8AF /* RemoteFeedItem.swift */,
			);
			path = "Feed API";
			sourceTree = "<group>";
		};
		B75ECECE2D65D4CD00A5715C /* Frameworks */ = {
			isa = PBXGroup;
			children = (
			);
			name = Frameworks;
			sourceTree = "<group>";
		};
		B77E1D682B3832C60030E8AF /* Feed Cache */ = {
			isa = PBXGroup;
			children = (
				B7AF93182D70C7A000CBF44D /* LoadFeedImageDataFromCacheUseCaseTests.swift */,
				B77E1D7F2B3F19B40030E8AF /* Helpers */,
				B7AF93132D70C75A00CBF44D /* CoreDataFeedImageDataStoreTests.swift */,
				B7AF93112D70C74800CBF44D /* CacheFeedImageDataUseCaseTests.swift */,
				B77E1D692B3832F70030E8AF /* CacheFeedUseCase.swift */,
				B77E1D7D2B3F17E80030E8AF /* LoadFeedFromCacheUseCaseTests.swift */,
				B7569EEB2B4027D900B480D7 /* ValidateFeedCacheUseCaseTests.swift */,
				B72A31412BBB102200EDC20E /* FeedStoreSpecs.swift */,
				B78068852D47E51800B67031 /* CoreDataFeedStoreTests.swift */,
				B72A31432BBB109000EDC20E /* XCTestCase+FeedStoreSpecs.swift */,
			);
			path = "Feed Cache";
			sourceTree = "<group>";
		};
		B77E1D6B2B3882F90030E8AF /* Feed Cache */ = {
			isa = PBXGroup;
			children = (
				B7AF930F2D70C5CC00CBF44D /* LocalFeedImageDataLoader.swift */,
				B7AF93082D70C41D00CBF44D /* FeedImageDataStore.swift */,
				B780688D2D47FA4300B67031 /* Infrastructure */,
				B77E1D6C2B3883200030E8AF /* LocalFeedLoader.swift */,
				B77E1D6E2B38838F0030E8AF /* FeedStore.swift */,
				B77E1D722B39957D0030E8AF /* LocalFeedImage.swift */,
				B72E26F82B71456E00D17A6C /* FeedCachePolicy.swift */,
			);
			path = "Feed Cache";
			sourceTree = "<group>";
		};
		B77E1D7F2B3F19B40030E8AF /* Helpers */ = {
			isa = PBXGroup;
			children = (
				B7AF93152D70C78E00CBF44D /* FeedImageDataStoreSpy.swift */,
				B77E1D802B3F19D40030E8AF /* FeedStoreSpy.swift */,
				B7569EED2B41769500B480D7 /* FeedCacheTestHelpers.swift */,
			);
			path = Helpers;
			sourceTree = "<group>";
		};
		B780688D2D47FA4300B67031 /* Infrastructure */ = {
			isa = PBXGroup;
			children = (
				B780688F2D47FAE400B67031 /* Codable */,
				B780688E2D47FACF00B67031 /* Core Data */,
			);
			path = Infrastructure;
			sourceTree = "<group>";
		};
		B780688E2D47FACF00B67031 /* Core Data */ = {
			isa = PBXGroup;
			children = (
				B7AF930C2D70C46700CBF44D /* CoreDataFeedStore+FeedStore.swift */,
				B7AF930A2D70C44D00CBF44D /* CoreDataFeedStore+FeedImageDataStore.swift */,
				B78068942D47FBFB00B67031 /* ManagedFeedImage.swift */,
				B78068922D47FBF400B67031 /* ManagedCache.swift */,
				B78068902D47FB2600B67031 /* CoreDataHelpers.swift */,
				B780688A2D47EE5B00B67031 /* FeedStore.xcdatamodeld */,
				B78068872D47E5F700B67031 /* CoreDataFeedStore.swift */,
			);
			path = "Core Data";
			sourceTree = "<group>";
		};
		B780688F2D47FAE400B67031 /* Codable */ = {
			isa = PBXGroup;
			children = (
				B717A03F2B7FDB1B00D86940 /* CodableFeedStore.swift */,
			);
			path = Codable;
			sourceTree = "<group>";
		};
		B78C079B2B2B662B0097ABEE /* Feed API */ = {
			isa = PBXGroup;
			children = (
				B7AF93022D70C08900CBF44D /* Helpers */,
				B7AF93062D70C0DA00CBF44D /* LoadFeedImageDataFromRemoteUseCaseTests.swift */,
				B71BABA12B28A50E00CC7A4A /* LoadFeedFromRemoteUseCaseTests.swift */,
				B78C079F2B2CAF3F0097ABEE /* URLSessionHTTPClientTests.swift */,
			);
			path = "Feed API";
			sourceTree = "<group>";
		};
		B78C07A62B2DBF4F0097ABEE /* Helpers */ = {
			isa = PBXGroup;
			children = (
				B78C07A72B2DBF770097ABEE /* XCTestCase+MemoryLeakTracking.swift */,
				B7569EEF2B41776200B480D7 /* SharedTestHelpers.swift */,
			);
			path = Helpers;
			sourceTree = "<group>";
		};
		B78C07B12B2EEA8E0097ABEE /* EssentialFeedAPIEndToEndTests */ = {
			isa = PBXGroup;
			children = (
				B78C07BB2B2EF5470097ABEE /* CI.xctestplan */,
				B74359462D5114A9003B5077 /* CI_iOS.xctestplan */,
				B78C07B22B2EEA8E0097ABEE /* EssentialFeedAPIEndToEndTests.swift */,
				B72208AB2D4A92E8007AAA9B /* EssentialFeedAPIEndToEndTests.xctestplan */,
			);
			path = EssentialFeedAPIEndToEndTests;
			sourceTree = "<group>";
		};
		B7AF92AA2D70980F00CBF44D /* Feed Presentation */ = {
			isa = PBXGroup;
			children = (
				B7AF92A02D70944F00CBF44D /* FeedErrorViewModel.swift */,
				B7AF925C2D70747F00CBF44D /* FeedImagePresenter.swift */,
				B7AF925D2D70747F00CBF44D /* FeedImageViewModel.swift */,
				B7AF925E2D70747F00CBF44D /* FeedLoadingViewModel.swift */,
				B7AF92602D70747F00CBF44D /* FeedViewModel.swift */,
				B7AF925F2D70747F00CBF44D /* FeedPresenter.swift */,
				B7AF925B2D70747F00CBF44D /* Feed.xcstrings */,
			);
			path = "Feed Presentation";
			sourceTree = "<group>";
		};
		B7AF92B12D70992800CBF44D /* Feed Presentation */ = {
			isa = PBXGroup;
			children = (
				B7AF92B52D7099E400CBF44D /* FeedPresenterTests.swift */,
				B7AF92B22D70993400CBF44D /* FeedImagePresenterTests.swift */,
				B7AF92962D70747F00CBF44D /* FeedLocalizationTests.swift */,
			);
			path = "Feed Presentation";
			sourceTree = "<group>";
		};
		B7AF92F92D70BF2900CBF44D /* Helpers */ = {
			isa = PBXGroup;
			children = (
				B7AF92FA2D70BF2E00CBF44D /* HTTPURLResponse+StatusCode.swift */,
			);
			path = Helpers;
			sourceTree = "<group>";
		};
		B7AF93022D70C08900CBF44D /* Helpers */ = {
			isa = PBXGroup;
			children = (
				B7AF93042D70C0AD00CBF44D /* URLProtocolStub.swift */,
				B7AF92FE2D70C04600CBF44D /* HTTPClientSpy.swift */,
			);
			path = Helpers;
			sourceTree = "<group>";
		};
/* End PBXGroup section */

/* Begin PBXHeadersBuildPhase section */
		B71BAB7F2B289F5A00CC7A4A /* Headers */ = {
			isa = PBXHeadersBuildPhase;
			buildActionMask = 2147483647;
			files = (
			);
			runOnlyForDeploymentPostprocessing = 0;
		};
		B74359272D511160003B5077 /* Headers */ = {
			isa = PBXHeadersBuildPhase;
			buildActionMask = 2147483647;
			files = (
			);
			runOnlyForDeploymentPostprocessing = 0;
		};
/* End PBXHeadersBuildPhase section */

/* Begin PBXNativeTarget section */
		B71BAB832B289F5A00CC7A4A /* EssentialFeed */ = {
			isa = PBXNativeTarget;
			buildConfigurationList = B71BAB962B289F5A00CC7A4A /* Build configuration list for PBXNativeTarget "EssentialFeed" */;
			buildPhases = (
				B71BAB7F2B289F5A00CC7A4A /* Headers */,
				B71BAB802B289F5A00CC7A4A /* Sources */,
				B71BAB812B289F5A00CC7A4A /* Frameworks */,
				B71BAB822B289F5A00CC7A4A /* Resources */,
			);
			buildRules = (
			);
			dependencies = (
			);
			name = EssentialFeed;
			productName = EssentialFeed;
			productReference = B71BAB842B289F5A00CC7A4A /* EssentialFeed.framework */;
			productType = "com.apple.product-type.framework";
		};
		B71BAB8B2B289F5A00CC7A4A /* EssentialFeedTests */ = {
			isa = PBXNativeTarget;
			buildConfigurationList = B71BAB992B289F5A00CC7A4A /* Build configuration list for PBXNativeTarget "EssentialFeedTests" */;
			buildPhases = (
				B71BAB882B289F5A00CC7A4A /* Sources */,
				B71BAB892B289F5A00CC7A4A /* Frameworks */,
				B71BAB8A2B289F5A00CC7A4A /* Resources */,
			);
			buildRules = (
			);
			dependencies = (
				B71BAB8F2B289F5A00CC7A4A /* PBXTargetDependency */,
			);
			name = EssentialFeedTests;
			productName = EssentialFeedTests;
			productReference = B71BAB8C2B289F5A00CC7A4A /* EssentialFeedTests.xctest */;
			productType = "com.apple.product-type.bundle.unit-test";
		};
		B743592B2D511160003B5077 /* EssentialFeediOS */ = {
			isa = PBXNativeTarget;
			buildConfigurationList = B74359402D511160003B5077 /* Build configuration list for PBXNativeTarget "EssentialFeediOS" */;
			buildPhases = (
				B74359272D511160003B5077 /* Headers */,
				B74359282D511160003B5077 /* Sources */,
				B74359292D511160003B5077 /* Frameworks */,
				B743592A2D511160003B5077 /* Resources */,
				B75ECED32D65D4CD00A5715C /* Embed Frameworks */,
			);
			buildRules = (
			);
			dependencies = (
				B75ECED22D65D4CD00A5715C /* PBXTargetDependency */,
			);
			fileSystemSynchronizedGroups = (
				B743592D2D511160003B5077 /* EssentialFeediOS */,
			);
			name = EssentialFeediOS;
			packageProductDependencies = (
			);
			productName = EssentialFeediOS;
			productReference = B743592C2D511160003B5077 /* EssentialFeediOS.framework */;
			productType = "com.apple.product-type.framework";
		};
		B74359322D511160003B5077 /* EssentialFeediOSTests */ = {
			isa = PBXNativeTarget;
			buildConfigurationList = B74359412D511160003B5077 /* Build configuration list for PBXNativeTarget "EssentialFeediOSTests" */;
			buildPhases = (
				B743592F2D511160003B5077 /* Sources */,
				B74359302D511160003B5077 /* Frameworks */,
				B74359312D511160003B5077 /* Resources */,
			);
			buildRules = (
			);
			dependencies = (
				B74359362D511160003B5077 /* PBXTargetDependency */,
			);
			fileSystemSynchronizedGroups = (
				B74359372D511160003B5077 /* EssentialFeediOSTests */,
			);
			name = EssentialFeediOSTests;
			packageProductDependencies = (
			);
			productName = EssentialFeediOSTests;
			productReference = B74359332D511160003B5077 /* EssentialFeediOSTests.xctest */;
			productType = "com.apple.product-type.bundle.unit-test";
		};
		B78068992D47FDB200B67031 /* EssentialFeedCacheIntegrationTests */ = {
			isa = PBXNativeTarget;
			buildConfigurationList = B78068A12D47FDB200B67031 /* Build configuration list for PBXNativeTarget "EssentialFeedCacheIntegrationTests" */;
			buildPhases = (
				B78068962D47FDB200B67031 /* Sources */,
				B78068972D47FDB200B67031 /* Frameworks */,
				B78068982D47FDB200B67031 /* Resources */,
			);
			buildRules = (
			);
			dependencies = (
				B78068A02D47FDB200B67031 /* PBXTargetDependency */,
			);
			fileSystemSynchronizedGroups = (
				B780689B2D47FDB200B67031 /* EssentialFeedCacheIntegrationTests */,
			);
			name = EssentialFeedCacheIntegrationTests;
			packageProductDependencies = (
			);
			productName = EssentialFeedCacheIntegrationTests;
			productReference = B780689A2D47FDB200B67031 /* EssentialFeedCacheIntegrationTests.xctest */;
			productType = "com.apple.product-type.bundle.unit-test";
		};
		B78C07AF2B2EEA8E0097ABEE /* EssentialFeedAPIEndToEndTests */ = {
			isa = PBXNativeTarget;
			buildConfigurationList = B78C07B72B2EEA8E0097ABEE /* Build configuration list for PBXNativeTarget "EssentialFeedAPIEndToEndTests" */;
			buildPhases = (
				B78C07AC2B2EEA8E0097ABEE /* Sources */,
				B78C07AD2B2EEA8E0097ABEE /* Frameworks */,
				B78C07AE2B2EEA8E0097ABEE /* Resources */,
			);
			buildRules = (
			);
			dependencies = (
				B78C07B62B2EEA8E0097ABEE /* PBXTargetDependency */,
			);
			name = EssentialFeedAPIEndToEndTests;
			productName = EssentialFeedAPIEndToEndTests;
			productReference = B78C07B02B2EEA8E0097ABEE /* EssentialFeedAPIEndToEndTests.xctest */;
			productType = "com.apple.product-type.bundle.unit-test";
		};
/* End PBXNativeTarget section */

/* Begin PBXProject section */
		B71BAB7B2B289F5A00CC7A4A /* Project object */ = {
			isa = PBXProject;
			attributes = {
				BuildIndependentTargetsInParallel = 1;
				LastSwiftUpdateCheck = 1620;
				LastUpgradeCheck = 1620;
				TargetAttributes = {
					B71BAB832B289F5A00CC7A4A = {
						CreatedOnToolsVersion = 15.0.1;
						LastSwiftMigration = 1500;
					};
					B71BAB8B2B289F5A00CC7A4A = {
						CreatedOnToolsVersion = 15.0.1;
					};
					B743592B2D511160003B5077 = {
						CreatedOnToolsVersion = 16.2;
						LastSwiftMigration = 1620;
					};
					B74359322D511160003B5077 = {
						CreatedOnToolsVersion = 16.2;
						LastSwiftMigration = 1620;
					};
					B78068992D47FDB200B67031 = {
						CreatedOnToolsVersion = 16.2;
					};
					B78C07AF2B2EEA8E0097ABEE = {
						CreatedOnToolsVersion = 15.1;
					};
				};
			};
			buildConfigurationList = B71BAB7E2B289F5A00CC7A4A /* Build configuration list for PBXProject "EssentialFeed" */;
			compatibilityVersion = "Xcode 14.0";
			developmentRegion = en;
			hasScannedForEncodings = 0;
			knownRegions = (
				en,
				Base,
				"pt-BR",
				el,
			);
			mainGroup = B71BAB7A2B289F5A00CC7A4A;
			productRefGroup = B71BAB852B289F5A00CC7A4A /* Products */;
			projectDirPath = "";
			projectRoot = "";
			targets = (
				B71BAB832B289F5A00CC7A4A /* EssentialFeed */,
				B71BAB8B2B289F5A00CC7A4A /* EssentialFeedTests */,
				B78C07AF2B2EEA8E0097ABEE /* EssentialFeedAPIEndToEndTests */,
				B78068992D47FDB200B67031 /* EssentialFeedCacheIntegrationTests */,
				B743592B2D511160003B5077 /* EssentialFeediOS */,
				B74359322D511160003B5077 /* EssentialFeediOSTests */,
			);
		};
/* End PBXProject section */

/* Begin PBXResourcesBuildPhase section */
		B71BAB822B289F5A00CC7A4A /* Resources */ = {
			isa = PBXResourcesBuildPhase;
			buildActionMask = 2147483647;
			files = (
				B7AF92B72D709B2A00CBF44D /* Feed.xcstrings in Resources */,
			);
			runOnlyForDeploymentPostprocessing = 0;
		};
		B71BAB8A2B289F5A00CC7A4A /* Resources */ = {
			isa = PBXResourcesBuildPhase;
			buildActionMask = 2147483647;
			files = (
			);
			runOnlyForDeploymentPostprocessing = 0;
		};
		B743592A2D511160003B5077 /* Resources */ = {
			isa = PBXResourcesBuildPhase;
			buildActionMask = 2147483647;
			files = (
			);
			runOnlyForDeploymentPostprocessing = 0;
		};
		B74359312D511160003B5077 /* Resources */ = {
			isa = PBXResourcesBuildPhase;
			buildActionMask = 2147483647;
			files = (
			);
			runOnlyForDeploymentPostprocessing = 0;
		};
		B78068982D47FDB200B67031 /* Resources */ = {
			isa = PBXResourcesBuildPhase;
			buildActionMask = 2147483647;
			files = (
			);
			runOnlyForDeploymentPostprocessing = 0;
		};
		B78C07AE2B2EEA8E0097ABEE /* Resources */ = {
			isa = PBXResourcesBuildPhase;
			buildActionMask = 2147483647;
			files = (
			);
			runOnlyForDeploymentPostprocessing = 0;
		};
/* End PBXResourcesBuildPhase section */

/* Begin PBXSourcesBuildPhase section */
		B71BAB802B289F5A00CC7A4A /* Sources */ = {
			isa = PBXSourcesBuildPhase;
			buildActionMask = 2147483647;
			files = (
				B78068912D47FB2900B67031 /* CoreDataHelpers.swift in Sources */,
				B78C079A2B2B5E890097ABEE /* FeedItemsMapper.swift in Sources */,
				B71BAB9F2B28A02300CC7A4A /* FeedLoader.swift in Sources */,
				B7AF92B02D70990700CBF44D /* FeedPresenter.swift in Sources */,
				B77E1D712B3995380030E8AF /* RemoteFeedItem.swift in Sources */,
				B72E26F92B71456E00D17A6C /* FeedCachePolicy.swift in Sources */,
				B71BABA52B28BE0500CC7A4A /* RemoteFeedLoader.swift in Sources */,
				B780688C2D47EE5B00B67031 /* FeedStore.xcdatamodeld in Sources */,
				B7AF92FD2D70BF5400CBF44D /* RemoteFeedImageDataLoader.swift in Sources */,
				B7AF92AE2D7098B200CBF44D /* FeedLoadingViewModel.swift in Sources */,
				B7AF930D2D70C46B00CBF44D /* CoreDataFeedStore+FeedStore.swift in Sources */,
				B7AF930B2D70C45200CBF44D /* CoreDataFeedStore+FeedImageDataStore.swift in Sources */,
				B77E1D732B39957D0030E8AF /* LocalFeedImage.swift in Sources */,
				B77E1D6F2B38838F0030E8AF /* FeedStore.swift in Sources */,
				B7AF92AB2D70988300CBF44D /* FeedErrorViewModel.swift in Sources */,
				B7AF92B82D709D6F00CBF44D /* FeedImageDataLoader.swift in Sources */,
				B77E1D6D2B3883200030E8AF /* LocalFeedLoader.swift in Sources */,
				B717A0402B7FDB1B00D86940 /* CodableFeedStore.swift in Sources */,
				B7AF93092D70C42000CBF44D /* FeedImageDataStore.swift in Sources */,
				B78C07962B2B5E1A0097ABEE /* HTTPClient.swift in Sources */,
				B71BAB9D2B28A01900CC7A4A /* FeedImage.swift in Sources */,
				B7AF92FB2D70BF3500CBF44D /* HTTPURLResponse+StatusCode.swift in Sources */,
				B7AF92AD2D70988E00CBF44D /* FeedImageViewModel.swift in Sources */,
				B7AF92AF2D7098CB00CBF44D /* FeedViewModel.swift in Sources */,
				B7AF93102D70C5CC00CBF44D /* LocalFeedImageDataLoader.swift in Sources */,
				B78C07AA2B2EE4F80097ABEE /* URLSessionHTTPClient.swift in Sources */,
				B78068932D47FBF700B67031 /* ManagedCache.swift in Sources */,
				B78068892D47E66F00B67031 /* CoreDataFeedStore.swift in Sources */,
				B7AF92AC2D70988800CBF44D /* FeedImagePresenter.swift in Sources */,
				B78068952D47FC0600B67031 /* ManagedFeedImage.swift in Sources */,
			);
			runOnlyForDeploymentPostprocessing = 0;
		};
		B71BAB882B289F5A00CC7A4A /* Sources */ = {
			isa = PBXSourcesBuildPhase;
			buildActionMask = 2147483647;
			files = (
				B78068862D47E51B00B67031 /* CoreDataFeedStoreTests.swift in Sources */,
				B7AF93072D70C0DB00CBF44D /* LoadFeedImageDataFromRemoteUseCaseTests.swift in Sources */,
				B7569EEC2B4027D900B480D7 /* ValidateFeedCacheUseCaseTests.swift in Sources */,
				B71BABA22B28A50E00CC7A4A /* LoadFeedFromRemoteUseCaseTests.swift in Sources */,
				B7AF92B32D70993500CBF44D /* FeedImagePresenterTests.swift in Sources */,
				B7AF92B42D70997600CBF44D /* FeedLocalizationTests.swift in Sources */,
				B78C07A02B2CAF3F0097ABEE /* URLSessionHTTPClientTests.swift in Sources */,
				B77E1D812B3F19D40030E8AF /* FeedStoreSpy.swift in Sources */,
				B7569EEE2B41769500B480D7 /* FeedCacheTestHelpers.swift in Sources */,
				B7569EF02B41776200B480D7 /* SharedTestHelpers.swift in Sources */,
				B7AF93032D70C09600CBF44D /* HTTPClientSpy.swift in Sources */,
				B77E1D6A2B3832F70030E8AF /* CacheFeedUseCase.swift in Sources */,
				B7AF93142D70C75B00CBF44D /* CoreDataFeedImageDataStoreTests.swift in Sources */,
				B7AF93052D70C0AD00CBF44D /* URLProtocolStub.swift in Sources */,
				B7AF92B62D7099EA00CBF44D /* FeedPresenterTests.swift in Sources */,
				B77E1D7E2B3F17E80030E8AF /* LoadFeedFromCacheUseCaseTests.swift in Sources */,
				B72A31422BBB102200EDC20E /* FeedStoreSpecs.swift in Sources */,
				B78C07A82B2DBF770097ABEE /* XCTestCase+MemoryLeakTracking.swift in Sources */,
				B7AF93192D70C7A000CBF44D /* LoadFeedImageDataFromCacheUseCaseTests.swift in Sources */,
				B72A31442BBB109000EDC20E /* XCTestCase+FeedStoreSpecs.swift in Sources */,
				B7AF93172D70C78E00CBF44D /* FeedImageDataStoreSpy.swift in Sources */,
				B7AF93122D70C74900CBF44D /* CacheFeedImageDataUseCaseTests.swift in Sources */,
			);
			runOnlyForDeploymentPostprocessing = 0;
		};
		B74359282D511160003B5077 /* Sources */ = {
			isa = PBXSourcesBuildPhase;
			buildActionMask = 2147483647;
			files = (
			);
			runOnlyForDeploymentPostprocessing = 0;
		};
		B743592F2D511160003B5077 /* Sources */ = {
			isa = PBXSourcesBuildPhase;
			buildActionMask = 2147483647;
			files = (
				B75ECED42D65D64B00A5715C /* XCTestCase+MemoryLeakTracking.swift in Sources */,
			);
			runOnlyForDeploymentPostprocessing = 0;
		};
		B78068962D47FDB200B67031 /* Sources */ = {
			isa = PBXSourcesBuildPhase;
			buildActionMask = 2147483647;
			files = (
				B78068A92D48052000B67031 /* SharedTestHelpers.swift in Sources */,
				B78068A82D48050B00B67031 /* FeedCacheTestHelpers.swift in Sources */,
				B7AF93162D70C78E00CBF44D /* FeedImageDataStoreSpy.swift in Sources */,
				B78068A72D48023F00B67031 /* XCTestCase+MemoryLeakTracking.swift in Sources */,
			);
			runOnlyForDeploymentPostprocessing = 0;
		};
		B78C07AC2B2EEA8E0097ABEE /* Sources */ = {
			isa = PBXSourcesBuildPhase;
			buildActionMask = 2147483647;
			files = (
				B78C07B32B2EEA8E0097ABEE /* EssentialFeedAPIEndToEndTests.swift in Sources */,
				B78C07BA2B2EF3050097ABEE /* XCTestCase+MemoryLeakTracking.swift in Sources */,
			);
			runOnlyForDeploymentPostprocessing = 0;
		};
/* End PBXSourcesBuildPhase section */

/* Begin PBXTargetDependency section */
		B71BAB8F2B289F5A00CC7A4A /* PBXTargetDependency */ = {
			isa = PBXTargetDependency;
			target = B71BAB832B289F5A00CC7A4A /* EssentialFeed */;
			targetProxy = B71BAB8E2B289F5A00CC7A4A /* PBXContainerItemProxy */;
		};
		B74359362D511160003B5077 /* PBXTargetDependency */ = {
			isa = PBXTargetDependency;
			target = B743592B2D511160003B5077 /* EssentialFeediOS */;
			targetProxy = B74359352D511160003B5077 /* PBXContainerItemProxy */;
		};
		B75ECED22D65D4CD00A5715C /* PBXTargetDependency */ = {
			isa = PBXTargetDependency;
			target = B71BAB832B289F5A00CC7A4A /* EssentialFeed */;
			targetProxy = B75ECED12D65D4CD00A5715C /* PBXContainerItemProxy */;
		};
		B78068A02D47FDB200B67031 /* PBXTargetDependency */ = {
			isa = PBXTargetDependency;
			target = B71BAB832B289F5A00CC7A4A /* EssentialFeed */;
			targetProxy = B780689F2D47FDB200B67031 /* PBXContainerItemProxy */;
		};
		B78C07B62B2EEA8E0097ABEE /* PBXTargetDependency */ = {
			isa = PBXTargetDependency;
			target = B71BAB832B289F5A00CC7A4A /* EssentialFeed */;
			targetProxy = B78C07B52B2EEA8E0097ABEE /* PBXContainerItemProxy */;
		};
/* End PBXTargetDependency section */

/* Begin XCBuildConfiguration section */
		B71BAB942B289F5A00CC7A4A /* Debug */ = {
			isa = XCBuildConfiguration;
			buildSettings = {
				ALWAYS_SEARCH_USER_PATHS = NO;
				ASSETCATALOG_COMPILER_GENERATE_SWIFT_ASSET_SYMBOL_EXTENSIONS = YES;
				CLANG_ANALYZER_NONNULL = YES;
				CLANG_ANALYZER_NUMBER_OBJECT_CONVERSION = YES_AGGRESSIVE;
				CLANG_CXX_LANGUAGE_STANDARD = "gnu++20";
				CLANG_ENABLE_MODULES = YES;
				CLANG_ENABLE_OBJC_ARC = YES;
				CLANG_ENABLE_OBJC_WEAK = YES;
				CLANG_WARN_BLOCK_CAPTURE_AUTORELEASING = YES;
				CLANG_WARN_BOOL_CONVERSION = YES;
				CLANG_WARN_COMMA = YES;
				CLANG_WARN_CONSTANT_CONVERSION = YES;
				CLANG_WARN_DEPRECATED_OBJC_IMPLEMENTATIONS = YES;
				CLANG_WARN_DIRECT_OBJC_ISA_USAGE = YES_ERROR;
				CLANG_WARN_DOCUMENTATION_COMMENTS = YES;
				CLANG_WARN_EMPTY_BODY = YES;
				CLANG_WARN_ENUM_CONVERSION = YES;
				CLANG_WARN_INFINITE_RECURSION = YES;
				CLANG_WARN_INT_CONVERSION = YES;
				CLANG_WARN_NON_LITERAL_NULL_CONVERSION = YES;
				CLANG_WARN_OBJC_IMPLICIT_RETAIN_SELF = YES;
				CLANG_WARN_OBJC_LITERAL_CONVERSION = YES;
				CLANG_WARN_OBJC_ROOT_CLASS = YES_ERROR;
				CLANG_WARN_QUOTED_INCLUDE_IN_FRAMEWORK_HEADER = YES;
				CLANG_WARN_RANGE_LOOP_ANALYSIS = YES;
				CLANG_WARN_STRICT_PROTOTYPES = YES;
				CLANG_WARN_SUSPICIOUS_MOVE = YES;
				CLANG_WARN_UNGUARDED_AVAILABILITY = YES_AGGRESSIVE;
				CLANG_WARN_UNREACHABLE_CODE = YES;
				CLANG_WARN__DUPLICATE_METHOD_MATCH = YES;
				COPY_PHASE_STRIP = NO;
				CURRENT_PROJECT_VERSION = 1;
				DEAD_CODE_STRIPPING = YES;
				DEBUG_INFORMATION_FORMAT = dwarf;
				ENABLE_STRICT_OBJC_MSGSEND = YES;
				ENABLE_TESTABILITY = YES;
				ENABLE_USER_SCRIPT_SANDBOXING = YES;
				GCC_C_LANGUAGE_STANDARD = gnu17;
				GCC_DYNAMIC_NO_PIC = NO;
				GCC_NO_COMMON_BLOCKS = YES;
				GCC_OPTIMIZATION_LEVEL = 0;
				GCC_PREPROCESSOR_DEFINITIONS = (
					"DEBUG=1",
					"$(inherited)",
				);
				GCC_WARN_64_TO_32_BIT_CONVERSION = YES;
				GCC_WARN_ABOUT_RETURN_TYPE = YES_ERROR;
				GCC_WARN_UNDECLARED_SELECTOR = YES;
				GCC_WARN_UNINITIALIZED_AUTOS = YES_AGGRESSIVE;
				GCC_WARN_UNUSED_FUNCTION = YES;
				GCC_WARN_UNUSED_VARIABLE = YES;
				LOCALIZATION_PREFERS_STRING_CATALOGS = YES;
				MACOSX_DEPLOYMENT_TARGET = 13.0;
				MTL_ENABLE_DEBUG_INFO = INCLUDE_SOURCE;
				MTL_FAST_MATH = YES;
				ONLY_ACTIVE_ARCH = YES;
				SWIFT_ACTIVE_COMPILATION_CONDITIONS = "DEBUG $(inherited)";
				SWIFT_EMIT_LOC_STRINGS = YES;
				SWIFT_OPTIMIZATION_LEVEL = "-Onone";
				VERSIONING_SYSTEM = "apple-generic";
				VERSION_INFO_PREFIX = "";
			};
			name = Debug;
		};
		B71BAB952B289F5A00CC7A4A /* Release */ = {
			isa = XCBuildConfiguration;
			buildSettings = {
				ALWAYS_SEARCH_USER_PATHS = NO;
				ASSETCATALOG_COMPILER_GENERATE_SWIFT_ASSET_SYMBOL_EXTENSIONS = YES;
				CLANG_ANALYZER_NONNULL = YES;
				CLANG_ANALYZER_NUMBER_OBJECT_CONVERSION = YES_AGGRESSIVE;
				CLANG_CXX_LANGUAGE_STANDARD = "gnu++20";
				CLANG_ENABLE_MODULES = YES;
				CLANG_ENABLE_OBJC_ARC = YES;
				CLANG_ENABLE_OBJC_WEAK = YES;
				CLANG_WARN_BLOCK_CAPTURE_AUTORELEASING = YES;
				CLANG_WARN_BOOL_CONVERSION = YES;
				CLANG_WARN_COMMA = YES;
				CLANG_WARN_CONSTANT_CONVERSION = YES;
				CLANG_WARN_DEPRECATED_OBJC_IMPLEMENTATIONS = YES;
				CLANG_WARN_DIRECT_OBJC_ISA_USAGE = YES_ERROR;
				CLANG_WARN_DOCUMENTATION_COMMENTS = YES;
				CLANG_WARN_EMPTY_BODY = YES;
				CLANG_WARN_ENUM_CONVERSION = YES;
				CLANG_WARN_INFINITE_RECURSION = YES;
				CLANG_WARN_INT_CONVERSION = YES;
				CLANG_WARN_NON_LITERAL_NULL_CONVERSION = YES;
				CLANG_WARN_OBJC_IMPLICIT_RETAIN_SELF = YES;
				CLANG_WARN_OBJC_LITERAL_CONVERSION = YES;
				CLANG_WARN_OBJC_ROOT_CLASS = YES_ERROR;
				CLANG_WARN_QUOTED_INCLUDE_IN_FRAMEWORK_HEADER = YES;
				CLANG_WARN_RANGE_LOOP_ANALYSIS = YES;
				CLANG_WARN_STRICT_PROTOTYPES = YES;
				CLANG_WARN_SUSPICIOUS_MOVE = YES;
				CLANG_WARN_UNGUARDED_AVAILABILITY = YES_AGGRESSIVE;
				CLANG_WARN_UNREACHABLE_CODE = YES;
				CLANG_WARN__DUPLICATE_METHOD_MATCH = YES;
				COPY_PHASE_STRIP = NO;
				CURRENT_PROJECT_VERSION = 1;
				DEAD_CODE_STRIPPING = YES;
				DEBUG_INFORMATION_FORMAT = "dwarf-with-dsym";
				ENABLE_NS_ASSERTIONS = NO;
				ENABLE_STRICT_OBJC_MSGSEND = YES;
				ENABLE_USER_SCRIPT_SANDBOXING = YES;
				GCC_C_LANGUAGE_STANDARD = gnu17;
				GCC_NO_COMMON_BLOCKS = YES;
				GCC_WARN_64_TO_32_BIT_CONVERSION = YES;
				GCC_WARN_ABOUT_RETURN_TYPE = YES_ERROR;
				GCC_WARN_UNDECLARED_SELECTOR = YES;
				GCC_WARN_UNINITIALIZED_AUTOS = YES_AGGRESSIVE;
				GCC_WARN_UNUSED_FUNCTION = YES;
				GCC_WARN_UNUSED_VARIABLE = YES;
				LOCALIZATION_PREFERS_STRING_CATALOGS = YES;
				MACOSX_DEPLOYMENT_TARGET = 13.0;
				MTL_ENABLE_DEBUG_INFO = NO;
				MTL_FAST_MATH = YES;
				SWIFT_COMPILATION_MODE = wholemodule;
				SWIFT_EMIT_LOC_STRINGS = YES;
				VERSIONING_SYSTEM = "apple-generic";
				VERSION_INFO_PREFIX = "";
			};
			name = Release;
		};
		B71BAB972B289F5A00CC7A4A /* Debug */ = {
			isa = XCBuildConfiguration;
			buildSettings = {
				BUILD_LIBRARY_FOR_DISTRIBUTION = YES;
				CLANG_ENABLE_MODULES = YES;
				CODE_SIGN_IDENTITY = "";
				CODE_SIGN_STYLE = Automatic;
				CURRENT_PROJECT_VERSION = 1;
				DEAD_CODE_STRIPPING = YES;
				DEFINES_MODULE = YES;
				DEVELOPMENT_TEAM = 7QNMFNTU6J;
				DYLIB_COMPATIBILITY_VERSION = 1;
				DYLIB_CURRENT_VERSION = 1;
				DYLIB_INSTALL_NAME_BASE = "@rpath";
				ENABLE_MODULE_VERIFIER = YES;
				GENERATE_INFOPLIST_FILE = YES;
				INFOPLIST_KEY_NSHumanReadableCopyright = "";
				INSTALL_PATH = "$(LOCAL_LIBRARY_DIR)/Frameworks";
				IPHONEOS_DEPLOYMENT_TARGET = 17.0;
				LD_RUNPATH_SEARCH_PATHS = (
					"@executable_path/Frameworks",
					"@loader_path/Frameworks",
				);
				"LD_RUNPATH_SEARCH_PATHS[sdk=macosx*]" = (
					"@executable_path/../Frameworks",
					"@loader_path/Frameworks",
				);
				MACOSX_DEPLOYMENT_TARGET = 13.0;
				MARKETING_VERSION = 1.0;
				MODULE_VERIFIER_SUPPORTED_LANGUAGES = "objective-c objective-c++";
				MODULE_VERIFIER_SUPPORTED_LANGUAGE_STANDARDS = "gnu17 gnu++20";
				PRODUCT_BUNDLE_IDENTIFIER = com.yaroslavYS.EssentialFeed;
				PRODUCT_NAME = "$(TARGET_NAME:c99extidentifier)";
				SDKROOT = auto;
				SKIP_INSTALL = YES;
				SUPPORTED_PLATFORMS = "iphoneos iphonesimulator macosx";
				SWIFT_EMIT_LOC_STRINGS = YES;
				SWIFT_OPTIMIZATION_LEVEL = "-Onone";
				SWIFT_VERSION = 5.0;
				TARGETED_DEVICE_FAMILY = "1,2";
			};
			name = Debug;
		};
		B71BAB982B289F5A00CC7A4A /* Release */ = {
			isa = XCBuildConfiguration;
			buildSettings = {
				BUILD_LIBRARY_FOR_DISTRIBUTION = YES;
				CLANG_ENABLE_MODULES = YES;
				CODE_SIGN_IDENTITY = "";
				CODE_SIGN_STYLE = Automatic;
				CURRENT_PROJECT_VERSION = 1;
				DEAD_CODE_STRIPPING = YES;
				DEFINES_MODULE = YES;
				DEVELOPMENT_TEAM = 7QNMFNTU6J;
				DYLIB_COMPATIBILITY_VERSION = 1;
				DYLIB_CURRENT_VERSION = 1;
				DYLIB_INSTALL_NAME_BASE = "@rpath";
				ENABLE_MODULE_VERIFIER = YES;
				GENERATE_INFOPLIST_FILE = YES;
				INFOPLIST_KEY_NSHumanReadableCopyright = "";
				INSTALL_PATH = "$(LOCAL_LIBRARY_DIR)/Frameworks";
				IPHONEOS_DEPLOYMENT_TARGET = 17.0;
				LD_RUNPATH_SEARCH_PATHS = (
					"@executable_path/Frameworks",
					"@loader_path/Frameworks",
				);
				"LD_RUNPATH_SEARCH_PATHS[sdk=macosx*]" = (
					"@executable_path/../Frameworks",
					"@loader_path/Frameworks",
				);
				MACOSX_DEPLOYMENT_TARGET = 13.0;
				MARKETING_VERSION = 1.0;
				MODULE_VERIFIER_SUPPORTED_LANGUAGES = "objective-c objective-c++";
				MODULE_VERIFIER_SUPPORTED_LANGUAGE_STANDARDS = "gnu17 gnu++20";
				PRODUCT_BUNDLE_IDENTIFIER = com.yaroslavYS.EssentialFeed;
				PRODUCT_NAME = "$(TARGET_NAME:c99extidentifier)";
				SDKROOT = auto;
				SKIP_INSTALL = YES;
				SUPPORTED_PLATFORMS = "iphoneos iphonesimulator macosx";
				SWIFT_EMIT_LOC_STRINGS = YES;
				SWIFT_VERSION = 5.0;
				TARGETED_DEVICE_FAMILY = "1,2";
			};
			name = Release;
		};
		B71BAB9A2B289F5A00CC7A4A /* Debug */ = {
			isa = XCBuildConfiguration;
			buildSettings = {
				CODE_SIGN_STYLE = Automatic;
				CURRENT_PROJECT_VERSION = 1;
				DEAD_CODE_STRIPPING = YES;
				DEVELOPMENT_TEAM = 7QNMFNTU6J;
				GENERATE_INFOPLIST_FILE = YES;
				IPHONEOS_DEPLOYMENT_TARGET = 17.0;
				MACOSX_DEPLOYMENT_TARGET = 13.0;
				MARKETING_VERSION = 1.0;
				PRODUCT_BUNDLE_IDENTIFIER = com.yaroslavYS.EssentialFeedTests;
				PRODUCT_NAME = "$(TARGET_NAME)";
				SDKROOT = auto;
				SUPPORTED_PLATFORMS = "iphoneos iphonesimulator macosx";
				SWIFT_EMIT_LOC_STRINGS = NO;
				SWIFT_VERSION = 5.0;
				TARGETED_DEVICE_FAMILY = "1,2";
			};
			name = Debug;
		};
		B71BAB9B2B289F5A00CC7A4A /* Release */ = {
			isa = XCBuildConfiguration;
			buildSettings = {
				CODE_SIGN_STYLE = Automatic;
				CURRENT_PROJECT_VERSION = 1;
				DEAD_CODE_STRIPPING = YES;
				DEVELOPMENT_TEAM = 7QNMFNTU6J;
				GENERATE_INFOPLIST_FILE = YES;
				IPHONEOS_DEPLOYMENT_TARGET = 17.0;
				MACOSX_DEPLOYMENT_TARGET = 13.0;
				MARKETING_VERSION = 1.0;
				PRODUCT_BUNDLE_IDENTIFIER = com.yaroslavYS.EssentialFeedTests;
				PRODUCT_NAME = "$(TARGET_NAME)";
				SDKROOT = auto;
				SUPPORTED_PLATFORMS = "iphoneos iphonesimulator macosx";
				SWIFT_EMIT_LOC_STRINGS = NO;
				SWIFT_VERSION = 5.0;
				TARGETED_DEVICE_FAMILY = "1,2";
			};
			name = Release;
		};
		B743593B2D511160003B5077 /* Debug */ = {
			isa = XCBuildConfiguration;
			buildSettings = {
				BUILD_LIBRARY_FOR_DISTRIBUTION = YES;
				CLANG_ENABLE_MODULES = YES;
				CODE_SIGN_STYLE = Automatic;
				CURRENT_PROJECT_VERSION = 1;
				DEFINES_MODULE = YES;
				DEVELOPMENT_TEAM = 7QNMFNTU6J;
				DYLIB_COMPATIBILITY_VERSION = 1;
				DYLIB_CURRENT_VERSION = 1;
				DYLIB_INSTALL_NAME_BASE = "@rpath";
				ENABLE_MODULE_VERIFIER = YES;
				GENERATE_INFOPLIST_FILE = YES;
				INFOPLIST_KEY_NSHumanReadableCopyright = "";
				INSTALL_PATH = "$(LOCAL_LIBRARY_DIR)/Frameworks";
				IPHONEOS_DEPLOYMENT_TARGET = 17.0;
				LD_RUNPATH_SEARCH_PATHS = (
					"$(inherited)",
					"@executable_path/Frameworks",
					"@loader_path/Frameworks",
				);
				MARKETING_VERSION = 1.0;
				MODULE_VERIFIER_SUPPORTED_LANGUAGES = "objective-c objective-c++";
				MODULE_VERIFIER_SUPPORTED_LANGUAGE_STANDARDS = "gnu17 gnu++20";
				PRODUCT_BUNDLE_IDENTIFIER = com.yaroslavYS.EssentialFeediOS;
				PRODUCT_NAME = "$(TARGET_NAME:c99extidentifier)";
				SDKROOT = iphoneos;
				SKIP_INSTALL = YES;
				SUPPORTED_PLATFORMS = "iphoneos iphonesimulator";
				SUPPORTS_MACCATALYST = NO;
				SUPPORTS_MAC_DESIGNED_FOR_IPHONE_IPAD = NO;
				SUPPORTS_XR_DESIGNED_FOR_IPHONE_IPAD = NO;
				SWIFT_EMIT_LOC_STRINGS = YES;
				SWIFT_INSTALL_OBJC_HEADER = NO;
				SWIFT_OPTIMIZATION_LEVEL = "-Onone";
				SWIFT_VERSION = 5.0;
				TARGETED_DEVICE_FAMILY = 1;
			};
			name = Debug;
		};
		B743593C2D511160003B5077 /* Release */ = {
			isa = XCBuildConfiguration;
			buildSettings = {
				BUILD_LIBRARY_FOR_DISTRIBUTION = YES;
				CLANG_ENABLE_MODULES = YES;
				CODE_SIGN_STYLE = Automatic;
				CURRENT_PROJECT_VERSION = 1;
				DEFINES_MODULE = YES;
				DEVELOPMENT_TEAM = 7QNMFNTU6J;
				DYLIB_COMPATIBILITY_VERSION = 1;
				DYLIB_CURRENT_VERSION = 1;
				DYLIB_INSTALL_NAME_BASE = "@rpath";
				ENABLE_MODULE_VERIFIER = YES;
				GENERATE_INFOPLIST_FILE = YES;
				INFOPLIST_KEY_NSHumanReadableCopyright = "";
				INSTALL_PATH = "$(LOCAL_LIBRARY_DIR)/Frameworks";
				IPHONEOS_DEPLOYMENT_TARGET = 17.0;
				LD_RUNPATH_SEARCH_PATHS = (
					"$(inherited)",
					"@executable_path/Frameworks",
					"@loader_path/Frameworks",
				);
				MARKETING_VERSION = 1.0;
				MODULE_VERIFIER_SUPPORTED_LANGUAGES = "objective-c objective-c++";
				MODULE_VERIFIER_SUPPORTED_LANGUAGE_STANDARDS = "gnu17 gnu++20";
				PRODUCT_BUNDLE_IDENTIFIER = com.yaroslavYS.EssentialFeediOS;
				PRODUCT_NAME = "$(TARGET_NAME:c99extidentifier)";
				SDKROOT = iphoneos;
				SKIP_INSTALL = YES;
				SUPPORTED_PLATFORMS = "iphoneos iphonesimulator";
				SUPPORTS_MACCATALYST = NO;
				SUPPORTS_MAC_DESIGNED_FOR_IPHONE_IPAD = NO;
				SUPPORTS_XR_DESIGNED_FOR_IPHONE_IPAD = NO;
				SWIFT_EMIT_LOC_STRINGS = YES;
				SWIFT_INSTALL_OBJC_HEADER = NO;
				SWIFT_VERSION = 5.0;
				TARGETED_DEVICE_FAMILY = 1;
				VALIDATE_PRODUCT = YES;
			};
			name = Release;
		};
		B743593D2D511160003B5077 /* Debug */ = {
			isa = XCBuildConfiguration;
			buildSettings = {
				CLANG_ENABLE_MODULES = YES;
				CODE_SIGN_STYLE = Automatic;
				CURRENT_PROJECT_VERSION = 1;
				DEVELOPMENT_TEAM = 7QNMFNTU6J;
				GENERATE_INFOPLIST_FILE = YES;
				IPHONEOS_DEPLOYMENT_TARGET = 17.0;
				MARKETING_VERSION = 1.0;
				PRODUCT_BUNDLE_IDENTIFIER = com.yaroslavYS.EssentialFeediOSTests;
				PRODUCT_NAME = "$(TARGET_NAME)";
				SDKROOT = iphoneos;
				SUPPORTED_PLATFORMS = "iphoneos iphonesimulator";
				SUPPORTS_MACCATALYST = NO;
				SUPPORTS_MAC_DESIGNED_FOR_IPHONE_IPAD = NO;
				SUPPORTS_XR_DESIGNED_FOR_IPHONE_IPAD = NO;
				SWIFT_EMIT_LOC_STRINGS = NO;
				SWIFT_OPTIMIZATION_LEVEL = "-Onone";
				SWIFT_VERSION = 5.0;
				TARGETED_DEVICE_FAMILY = 1;
			};
			name = Debug;
		};
		B743593E2D511160003B5077 /* Release */ = {
			isa = XCBuildConfiguration;
			buildSettings = {
				CLANG_ENABLE_MODULES = YES;
				CODE_SIGN_STYLE = Automatic;
				CURRENT_PROJECT_VERSION = 1;
				DEVELOPMENT_TEAM = 7QNMFNTU6J;
				GENERATE_INFOPLIST_FILE = YES;
				IPHONEOS_DEPLOYMENT_TARGET = 17.0;
				MARKETING_VERSION = 1.0;
				PRODUCT_BUNDLE_IDENTIFIER = com.yaroslavYS.EssentialFeediOSTests;
				PRODUCT_NAME = "$(TARGET_NAME)";
				SDKROOT = iphoneos;
				SUPPORTED_PLATFORMS = "iphoneos iphonesimulator";
				SUPPORTS_MACCATALYST = NO;
				SUPPORTS_MAC_DESIGNED_FOR_IPHONE_IPAD = NO;
				SUPPORTS_XR_DESIGNED_FOR_IPHONE_IPAD = NO;
				SWIFT_EMIT_LOC_STRINGS = NO;
				SWIFT_VERSION = 5.0;
				TARGETED_DEVICE_FAMILY = 1;
				VALIDATE_PRODUCT = YES;
			};
			name = Release;
		};
		B78068A22D47FDB200B67031 /* Debug */ = {
			isa = XCBuildConfiguration;
			buildSettings = {
				CODE_SIGN_STYLE = Automatic;
				CURRENT_PROJECT_VERSION = 1;
				DEVELOPMENT_TEAM = 7QNMFNTU6J;
				GENERATE_INFOPLIST_FILE = YES;
				IPHONEOS_DEPLOYMENT_TARGET = 17.0;
				MACOSX_DEPLOYMENT_TARGET = 13.0;
				MARKETING_VERSION = 1.0;
				PRODUCT_BUNDLE_IDENTIFIER = com.yaroslavYS.EssentialFeedCacheIntegrationTests;
				PRODUCT_NAME = "$(TARGET_NAME)";
				SDKROOT = macosx;
				SUPPORTED_PLATFORMS = "iphoneos iphonesimulator macosx";
				SUPPORTS_MACCATALYST = NO;
				SWIFT_EMIT_LOC_STRINGS = NO;
				SWIFT_VERSION = 5.0;
				TARGETED_DEVICE_FAMILY = "1,2";
			};
			name = Debug;
		};
		B78068A32D47FDB200B67031 /* Release */ = {
			isa = XCBuildConfiguration;
			buildSettings = {
				CODE_SIGN_STYLE = Automatic;
				CURRENT_PROJECT_VERSION = 1;
				DEVELOPMENT_TEAM = 7QNMFNTU6J;
				GENERATE_INFOPLIST_FILE = YES;
				IPHONEOS_DEPLOYMENT_TARGET = 17.0;
				MACOSX_DEPLOYMENT_TARGET = 13.0;
				MARKETING_VERSION = 1.0;
				PRODUCT_BUNDLE_IDENTIFIER = com.yaroslavYS.EssentialFeedCacheIntegrationTests;
				PRODUCT_NAME = "$(TARGET_NAME)";
				SDKROOT = macosx;
				SUPPORTED_PLATFORMS = "iphoneos iphonesimulator macosx";
				SUPPORTS_MACCATALYST = NO;
				SWIFT_EMIT_LOC_STRINGS = NO;
				SWIFT_VERSION = 5.0;
				TARGETED_DEVICE_FAMILY = "1,2";
			};
			name = Release;
		};
		B78C07B82B2EEA8E0097ABEE /* Debug */ = {
			isa = XCBuildConfiguration;
			buildSettings = {
				CODE_SIGN_STYLE = Automatic;
				CURRENT_PROJECT_VERSION = 1;
				DEVELOPMENT_TEAM = 7QNMFNTU6J;
				GENERATE_INFOPLIST_FILE = YES;
				IPHONEOS_DEPLOYMENT_TARGET = 17.0;
				MACOSX_DEPLOYMENT_TARGET = 13.0;
				MARKETING_VERSION = 1.0;
				PRODUCT_BUNDLE_IDENTIFIER = com.yaroslavYS.EssentialFeedAPIEndToEndTests;
				PRODUCT_NAME = "$(TARGET_NAME)";
				SDKROOT = macosx;
				SUPPORTED_PLATFORMS = "iphoneos iphonesimulator macosx";
				SUPPORTS_MACCATALYST = NO;
				SWIFT_EMIT_LOC_STRINGS = NO;
				SWIFT_VERSION = 5.0;
				TARGETED_DEVICE_FAMILY = "1,2";
			};
			name = Debug;
		};
		B78C07B92B2EEA8E0097ABEE /* Release */ = {
			isa = XCBuildConfiguration;
			buildSettings = {
				CODE_SIGN_STYLE = Automatic;
				CURRENT_PROJECT_VERSION = 1;
				DEVELOPMENT_TEAM = 7QNMFNTU6J;
				GENERATE_INFOPLIST_FILE = YES;
				IPHONEOS_DEPLOYMENT_TARGET = 17.0;
				MACOSX_DEPLOYMENT_TARGET = 13.0;
				MARKETING_VERSION = 1.0;
				PRODUCT_BUNDLE_IDENTIFIER = com.yaroslavYS.EssentialFeedAPIEndToEndTests;
				PRODUCT_NAME = "$(TARGET_NAME)";
				SDKROOT = macosx;
				SUPPORTED_PLATFORMS = "iphoneos iphonesimulator macosx";
				SUPPORTS_MACCATALYST = NO;
				SWIFT_EMIT_LOC_STRINGS = NO;
				SWIFT_VERSION = 5.0;
				TARGETED_DEVICE_FAMILY = "1,2";
			};
			name = Release;
		};
/* End XCBuildConfiguration section */

/* Begin XCConfigurationList section */
		B71BAB7E2B289F5A00CC7A4A /* Build configuration list for PBXProject "EssentialFeed" */ = {
			isa = XCConfigurationList;
			buildConfigurations = (
				B71BAB942B289F5A00CC7A4A /* Debug */,
				B71BAB952B289F5A00CC7A4A /* Release */,
			);
			defaultConfigurationIsVisible = 0;
			defaultConfigurationName = Release;
		};
		B71BAB962B289F5A00CC7A4A /* Build configuration list for PBXNativeTarget "EssentialFeed" */ = {
			isa = XCConfigurationList;
			buildConfigurations = (
				B71BAB972B289F5A00CC7A4A /* Debug */,
				B71BAB982B289F5A00CC7A4A /* Release */,
			);
			defaultConfigurationIsVisible = 0;
			defaultConfigurationName = Release;
		};
		B71BAB992B289F5A00CC7A4A /* Build configuration list for PBXNativeTarget "EssentialFeedTests" */ = {
			isa = XCConfigurationList;
			buildConfigurations = (
				B71BAB9A2B289F5A00CC7A4A /* Debug */,
				B71BAB9B2B289F5A00CC7A4A /* Release */,
			);
			defaultConfigurationIsVisible = 0;
			defaultConfigurationName = Release;
		};
		B74359402D511160003B5077 /* Build configuration list for PBXNativeTarget "EssentialFeediOS" */ = {
			isa = XCConfigurationList;
			buildConfigurations = (
				B743593B2D511160003B5077 /* Debug */,
				B743593C2D511160003B5077 /* Release */,
			);
			defaultConfigurationIsVisible = 0;
			defaultConfigurationName = Release;
		};
		B74359412D511160003B5077 /* Build configuration list for PBXNativeTarget "EssentialFeediOSTests" */ = {
			isa = XCConfigurationList;
			buildConfigurations = (
				B743593D2D511160003B5077 /* Debug */,
				B743593E2D511160003B5077 /* Release */,
			);
			defaultConfigurationIsVisible = 0;
			defaultConfigurationName = Release;
		};
		B78068A12D47FDB200B67031 /* Build configuration list for PBXNativeTarget "EssentialFeedCacheIntegrationTests" */ = {
			isa = XCConfigurationList;
			buildConfigurations = (
				B78068A22D47FDB200B67031 /* Debug */,
				B78068A32D47FDB200B67031 /* Release */,
			);
			defaultConfigurationIsVisible = 0;
			defaultConfigurationName = Release;
		};
		B78C07B72B2EEA8E0097ABEE /* Build configuration list for PBXNativeTarget "EssentialFeedAPIEndToEndTests" */ = {
			isa = XCConfigurationList;
			buildConfigurations = (
				B78C07B82B2EEA8E0097ABEE /* Debug */,
				B78C07B92B2EEA8E0097ABEE /* Release */,
			);
			defaultConfigurationIsVisible = 0;
			defaultConfigurationName = Release;
		};
/* End XCConfigurationList section */

/* Begin XCVersionGroup section */
		B780688A2D47EE5B00B67031 /* FeedStore.xcdatamodeld */ = {
			isa = XCVersionGroup;
			children = (
				B7AF930E2D70C54800CBF44D /* FeedStore2.xcdatamodel */,
				B780688B2D47EE5B00B67031 /* FeedStore.xcdatamodel */,
			);
			currentVersion = B7AF930E2D70C54800CBF44D /* FeedStore2.xcdatamodel */;
			path = FeedStore.xcdatamodeld;
			sourceTree = "<group>";
			versionGroupType = wrapper.xcdatamodel;
		};
/* End XCVersionGroup section */
	};
	rootObject = B71BAB7B2B289F5A00CC7A4A /* Project object */;
}
